<?xml version="1.0" encoding="UTF-8" standalone="yes" ?>
<CodeBlocks_project_file>
   <FileVersion major="1" minor="6" />
   <Project>
      <Option title="qt_ros" />
      <Option makefile_is_custom="1" />
      <Option compiler="gcc" />
      <Option virtualFolders="CMake Files\;CMake Files\..\;CMake Files\..\..\;CMake Files\..\..\..\;CMake Files\..\..\..\..\;CMake Files\..\..\..\..\..\;CMake Files\..\..\..\..\..\..\;CMake Files\..\..\..\..\..\..\..\;CMake Files\..\..\..\..\..\..\..\opt\;CMake Files\..\..\..\..\..\..\..\opt\ros\;CMake Files\..\..\..\..\..\..\..\opt\ros\hydro\;CMake Files\..\..\..\..\..\..\..\opt\ros\hydro\share\;CMake Files\..\..\..\..\..\..\..\opt\ros\hydro\share\catkin\;CMake Files\..\..\..\..\..\..\..\opt\ros\hydro\share\catkin\cmake\;CMake Files\..\..\..\..\..\..\..\opt\ros\hydro\share\catkin\cmake\platform\;CMake Files\..\..\..\..\..\..\..\opt\ros\hydro\share\catkin\cmake\test\;CMake Files\..\..\..\..\..\..\..\opt\ros\hydro\share\catkin\cmake\tools\;CMake Files\..\..\..\..\..\..\..\opt\ros\hydro\share\catkin\cmake\..\;CMake Files\..\..\..\..\..\..\..\opt\ros\hydro\share\catkin\cmake\templates\;CMake Files\..\..\..\..\..\..\..\opt\ros\hydro\share\catkin\cmake\env-hooks\;CMake Files\..\..\..\..\..\..\..\opt\ros\hydro\share\catkin\cmake\em\;CMake Files\..\..\..\..\..\..\..\opt\ros\hydro\share\message_generation\;CMake Files\..\..\..\..\..\..\..\opt\ros\hydro\share\message_generation\cmake\;CMake Files\..\..\..\..\..\..\..\opt\ros\hydro\share\gencpp\;CMake Files\..\..\..\..\..\..\..\opt\ros\hydro\share\gencpp\cmake\;CMake Files\..\..\..\..\..\..\..\opt\ros\hydro\share\genmsg\;CMake Files\..\..\..\..\..\..\..\opt\ros\hydro\share\genmsg\cmake\;CMake Files\..\..\..\..\..\..\..\opt\ros\hydro\share\genlisp\;CMake Files\..\..\..\..\..\..\..\opt\ros\hydro\share\genlisp\cmake\;CMake Files\..\..\..\..\..\..\..\opt\ros\hydro\share\genpy\;CMake Files\..\..\..\..\..\..\..\opt\ros\hydro\share\genpy\cmake\;CMake Files\..\..\..\..\..\..\..\opt\ros\hydro\share\std_msgs\;CMake Files\..\..\..\..\..\..\..\opt\ros\hydro\share\std_msgs\cmake\;CMake Files\..\..\..\..\..\..\..\opt\ros\hydro\share\message_runtime\;CMake Files\..\..\..\..\..\..\..\opt\ros\hydro\share\message_runtime\cmake\;CMake Files\..\..\..\..\..\..\..\opt\ros\hydro\share\cpp_common\;CMake Files\..\..\..\..\..\..\..\opt\ros\hydro\share\cpp_common\cmake\;CMake Files\..\..\..\..\..\..\..\opt\ros\hydro\share\roscpp_serialization\;CMake Files\..\..\..\..\..\..\..\opt\ros\hydro\share\roscpp_serialization\cmake\;CMake Files\..\..\..\..\..\..\..\opt\ros\hydro\share\roscpp_traits\;CMake Files\..\..\..\..\..\..\..\opt\ros\hydro\share\roscpp_traits\cmake\;CMake Files\..\..\..\..\..\..\..\opt\ros\hydro\share\rostime\;CMake Files\..\..\..\..\..\..\..\opt\ros\hydro\share\rostime\cmake\;CMake Files\..\..\..\..\..\..\..\opt\ros\hydro\share\roscpp\;CMake Files\..\..\..\..\..\..\..\opt\ros\hydro\share\roscpp\cmake\;CMake Files\..\..\..\..\..\..\..\opt\ros\hydro\share\rosconsole\;CMake Files\..\..\..\..\..\..\..\opt\ros\hydro\share\rosconsole\cmake\;CMake Files\..\..\..\..\..\..\..\opt\ros\hydro\share\rosgraph_msgs\;CMake Files\..\..\..\..\..\..\..\opt\ros\hydro\share\rosgraph_msgs\cmake\;CMake Files\..\..\..\..\..\..\..\opt\ros\hydro\share\xmlrpcpp\;CMake Files\..\..\..\..\..\..\..\opt\ros\hydro\share\xmlrpcpp\cmake\;CMake Files\..\..\..\..\..\..\..\usr\;CMake Files\..\..\..\..\..\..\..\usr\lib\;CMake Files\..\..\..\..\..\..\..\usr\lib\python2.7\;CMake Files\..\..\..\..\..\..\..\usr\lib\python2.7\dist-packages\;CMake Files\..\..\..\..\..\..\..\usr\lib\python2.7\dist-packages\catkin_pkg\;CMake Files\..\..\..\..\..\..\..\usr\lib\python2.7\dist-packages\catkin_pkg\templates\;CMake Files\..\..\..\..\..\..\..\usr\src\;CMake Files\..\..\..\..\..\..\..\usr\src\gtest\;CMake Files\..\..\..\..\..\..\..\usr\src\gtest\cmake\;CMake Files\..\src-build\;CMake Files\..\src-build\catkin\;CMake Files\..\src-build\catkin\catkin_generated\;CMake Files\..\src-build\catkin\catkin_generated\version\;CMake Files\..\src-build\catkin_generated\;CMake Files\..\src-build\qt_build\;CMake Files\..\src-build\qt_build\catkin_generated\;CMake Files\..\src-build\qt_create\;CMake Files\..\src-build\qt_create\catkin_generated\;CMake Files\..\src-build\qt_ros\;CMake Files\..\src-build\qt_ros\catkin_generated\;CMake Files\..\src-build\devel\;CMake Files\..\src-build\devel\share\;CMake Files\..\src-build\devel\share\qt_build\;CMake Files\..\src-build\devel\share\qt_build\cmake\;CMake Files\..\src-build\devel\share\thinkrob_pendant\;CMake Files\..\src-build\devel\share\thinkrob_pendant\cmake\;CMake Files\..\src-build\thinkrob_pendant\;CMake Files\..\src-build\thinkrob_pendant\catkin_generated\;CMake Files\..\src-build\thinkrob_pendant\cmake\;CMake Files\qt_build\;CMake Files\qt_build\cmake\;CMake Files\qt_create\;CMake Files\qt_ros\;CMake Files\thinkrob_pendant\;CMake Files\thinkrob_pendant\common\;CMake Files\thinkrob_pendant\resources\;CMake Files\thinkrob_pendant\thinkrob_pendant\;" />
      <Build>
      <Target title="all">
         <Option working_dir="/home/zhangjian/qt_environment/qt_programmer/pendant/qt_ros_zhangjian/src-build/qt_ros" />
         <Option type="4" />
         <MakeCommands>
            <Build command="/usr/bin/make -f &quot;/home/zhangjian/qt_environment/qt_programmer/pendant/qt_ros_zhangjian/src-build/qt_ros/Makefile&quot;  VERBOSE=1 all" />
            <CompileFile command="/usr/bin/make -f &quot;/home/zhangjian/qt_environment/qt_programmer/pendant/qt_ros_zhangjian/src-build/qt_ros/Makefile&quot;  VERBOSE=1 &quot;$file&quot;" />
            <Clean command="/usr/bin/make -f &quot;/home/zhangjian/qt_environment/qt_programmer/pendant/qt_ros_zhangjian/src-build/qt_ros/Makefile&quot;  VERBOSE=1 clean" />
            <DistClean command="/usr/bin/make -f &quot;/home/zhangjian/qt_environment/qt_programmer/pendant/qt_ros_zhangjian/src-build/qt_ros/Makefile&quot;  VERBOSE=1 clean" />
         </MakeCommands>
      </Target>
      </Build>
      <Unit filename="/home/zhangjian/qt_environment/qt_programmer/pendant/qt_ros_zhangjian/src/CMakeLists.txt">
          <Option virtualFolder="CMake Files\" />
      </Unit>
      <Unit filename="/home/zhangjian/qt_environment/qt_programmer/pendant/qt_ros_zhangjian/src/../../../../../../../opt/ros/hydro/share/catkin/cmake/catkinConfig-version.cmake">
          <Option virtualFolder="CMake Files\..\..\..\..\..\..\..\opt\ros\hydro\share\catkin\cmake\" />
      </Unit>
      <Unit filename="/home/zhangjian/qt_environment/qt_programmer/pendant/qt_ros_zhangjian/src/../../../../../../../opt/ros/hydro/share/catkin/cmake/catkinConfig.cmake">
          <Option virtualFolder="CMake Files\..\..\..\..\..\..\..\opt\ros\hydro\share\catkin\cmake\" />
      </Unit>
      <Unit filename="/home/zhangjian/qt_environment/qt_programmer/pendant/qt_ros_zhangjian/src/../../../../../../../opt/ros/hydro/share/catkin/cmake/all.cmake">
          <Option virtualFolder="CMake Files\..\..\..\..\..\..\..\opt\ros\hydro\share\catkin\cmake\" />
      </Unit>
      <Unit filename="/home/zhangjian/qt_environment/qt_programmer/pendant/qt_ros_zhangjian/src/../../../../../../../opt/ros/hydro/share/catkin/cmake/assert.cmake">
          <Option virtualFolder="CMake Files\..\..\..\..\..\..\..\opt\ros\hydro\share\catkin\cmake\" />
      </Unit>
      <Unit filename="/home/zhangjian/qt_environment/qt_programmer/pendant/qt_ros_zhangjian/src/../../../../../../../opt/ros/hydro/share/catkin/cmake/atomic_configure_file.cmake">
          <Option virtualFolder="CMake Files\..\..\..\..\..\..\..\opt\ros\hydro\share\catkin\cmake\" />
      </Unit>
      <Unit filename="/home/zhangjian/qt_environment/qt_programmer/pendant/qt_ros_zhangjian/src/../../../../../../../opt/ros/hydro/share/catkin/cmake/catkin_add_env_hooks.cmake">
          <Option virtualFolder="CMake Files\..\..\..\..\..\..\..\opt\ros\hydro\share\catkin\cmake\" />
      </Unit>
      <Unit filename="/home/zhangjian/qt_environment/qt_programmer/pendant/qt_ros_zhangjian/src/../../../../../../../opt/ros/hydro/share/catkin/cmake/catkin_destinations.cmake">
          <Option virtualFolder="CMake Files\..\..\..\..\..\..\..\opt\ros\hydro\share\catkin\cmake\" />
      </Unit>
      <Unit filename="/home/zhangjian/qt_environment/qt_programmer/pendant/qt_ros_zhangjian/src/../../../../../../../opt/ros/hydro/share/catkin/cmake/catkin_generate_environment.cmake">
          <Option virtualFolder="CMake Files\..\..\..\..\..\..\..\opt\ros\hydro\share\catkin\cmake\" />
      </Unit>
      <Unit filename="/home/zhangjian/qt_environment/qt_programmer/pendant/qt_ros_zhangjian/src/../../../../../../../opt/ros/hydro/share/catkin/cmake/catkin_install_python.cmake">
          <Option virtualFolder="CMake Files\..\..\..\..\..\..\..\opt\ros\hydro\share\catkin\cmake\" />
      </Unit>
      <Unit filename="/home/zhangjian/qt_environment/qt_programmer/pendant/qt_ros_zhangjian/src/../../../../../../../opt/ros/hydro/share/catkin/cmake/catkin_libraries.cmake">
          <Option virtualFolder="CMake Files\..\..\..\..\..\..\..\opt\ros\hydro\share\catkin\cmake\" />
      </Unit>
      <Unit filename="/home/zhangjian/qt_environment/qt_programmer/pendant/qt_ros_zhangjian/src/../../../../../../../opt/ros/hydro/share/catkin/cmake/catkin_metapackage.cmake">
          <Option virtualFolder="CMake Files\..\..\..\..\..\..\..\opt\ros\hydro\share\catkin\cmake\" />
      </Unit>
      <Unit filename="/home/zhangjian/qt_environment/qt_programmer/pendant/qt_ros_zhangjian/src/../../../../../../../opt/ros/hydro/share/catkin/cmake/catkin_package.cmake">
          <Option virtualFolder="CMake Files\..\..\..\..\..\..\..\opt\ros\hydro\share\catkin\cmake\" />
      </Unit>
      <Unit filename="/home/zhangjian/qt_environment/qt_programmer/pendant/qt_ros_zhangjian/src/../../../../../../../opt/ros/hydro/share/catkin/cmake/catkin_package_xml.cmake">
          <Option virtualFolder="CMake Files\..\..\..\..\..\..\..\opt\ros\hydro\share\catkin\cmake\" />
      </Unit>
      <Unit filename="/home/zhangjian/qt_environment/qt_programmer/pendant/qt_ros_zhangjian/src/../../../../../../../opt/ros/hydro/share/catkin/cmake/catkin_workspace.cmake">
          <Option virtualFolder="CMake Files\..\..\..\..\..\..\..\opt\ros\hydro\share\catkin\cmake\" />
      </Unit>
      <Unit filename="/home/zhangjian/qt_environment/qt_programmer/pendant/qt_ros_zhangjian/src/../../../../../../../opt/ros/hydro/share/catkin/cmake/debug_message.cmake">
          <Option virtualFolder="CMake Files\..\..\..\..\..\..\..\opt\ros\hydro\share\catkin\cmake\" />
      </Unit>
      <Unit filename="/home/zhangjian/qt_environment/qt_programmer/pendant/qt_ros_zhangjian/src/../../../../../../../opt/ros/hydro/share/catkin/cmake/em_expand.cmake">
          <Option virtualFolder="CMake Files\..\..\..\..\..\..\..\opt\ros\hydro\share\catkin\cmake\" />
      </Unit>
      <Unit filename="/home/zhangjian/qt_environment/qt_programmer/pendant/qt_ros_zhangjian/src/../../../../../../../opt/ros/hydro/share/catkin/cmake/python.cmake">
          <Option virtualFolder="CMake Files\..\..\..\..\..\..\..\opt\ros\hydro\share\catkin\cmake\" />
      </Unit>
      <Unit filename="/home/zhangjian/qt_environment/qt_programmer/pendant/qt_ros_zhangjian/src/../../../../../../../opt/ros/hydro/share/catkin/cmake/empy.cmake">
          <Option virtualFolder="CMake Files\..\..\..\..\..\..\..\opt\ros\hydro\share\catkin\cmake\" />
      </Unit>
      <Unit filename="/home/zhangjian/qt_environment/qt_programmer/pendant/qt_ros_zhangjian/src/../../../../../../../opt/ros/hydro/share/catkin/cmake/find_program_required.cmake">
          <Option virtualFolder="CMake Files\..\..\..\..\..\..\..\opt\ros\hydro\share\catkin\cmake\" />
      </Unit>
      <Unit filename="/home/zhangjian/qt_environment/qt_programmer/pendant/qt_ros_zhangjian/src/../../../../../../../opt/ros/hydro/share/catkin/cmake/legacy.cmake">
          <Option virtualFolder="CMake Files\..\..\..\..\..\..\..\opt\ros\hydro\share\catkin\cmake\" />
      </Unit>
      <Unit filename="/home/zhangjian/qt_environment/qt_programmer/pendant/qt_ros_zhangjian/src/../../../../../../../opt/ros/hydro/share/catkin/cmake/list_append_deduplicate.cmake">
          <Option virtualFolder="CMake Files\..\..\..\..\..\..\..\opt\ros\hydro\share\catkin\cmake\" />
      </Unit>
      <Unit filename="/home/zhangjian/qt_environment/qt_programmer/pendant/qt_ros_zhangjian/src/../../../../../../../opt/ros/hydro/share/catkin/cmake/list_append_unique.cmake">
          <Option virtualFolder="CMake Files\..\..\..\..\..\..\..\opt\ros\hydro\share\catkin\cmake\" />
      </Unit>
      <Unit filename="/home/zhangjian/qt_environment/qt_programmer/pendant/qt_ros_zhangjian/src/../../../../../../../opt/ros/hydro/share/catkin/cmake/list_insert_in_workspace_order.cmake">
          <Option virtualFolder="CMake Files\..\..\..\..\..\..\..\opt\ros\hydro\share\catkin\cmake\" />
      </Unit>
      <Unit filename="/home/zhangjian/qt_environment/qt_programmer/pendant/qt_ros_zhangjian/src/../../../../../../../opt/ros/hydro/share/catkin/cmake/parse_arguments.cmake">
          <Option virtualFolder="CMake Files\..\..\..\..\..\..\..\opt\ros\hydro\share\catkin\cmake\" />
      </Unit>
      <Unit filename="/home/zhangjian/qt_environment/qt_programmer/pendant/qt_ros_zhangjian/src/../../../../../../../opt/ros/hydro/share/catkin/cmake/safe_execute_process.cmake">
          <Option virtualFolder="CMake Files\..\..\..\..\..\..\..\opt\ros\hydro\share\catkin\cmake\" />
      </Unit>
      <Unit filename="/home/zhangjian/qt_environment/qt_programmer/pendant/qt_ros_zhangjian/src/../../../../../../../opt/ros/hydro/share/catkin/cmake/stamp.cmake">
          <Option virtualFolder="CMake Files\..\..\..\..\..\..\..\opt\ros\hydro\share\catkin\cmake\" />
      </Unit>
      <Unit filename="/home/zhangjian/qt_environment/qt_programmer/pendant/qt_ros_zhangjian/src/../../../../../../../opt/ros/hydro/share/catkin/cmake/string_starts_with.cmake">
          <Option virtualFolder="CMake Files\..\..\..\..\..\..\..\opt\ros\hydro\share\catkin\cmake\" />
      </Unit>
      <Unit filename="/home/zhangjian/qt_environment/qt_programmer/pendant/qt_ros_zhangjian/src/../../../../../../../opt/ros/hydro/share/catkin/cmake/catkin_python_setup.cmake">
          <Option virtualFolder="CMake Files\..\..\..\..\..\..\..\opt\ros\hydro\share\catkin\cmake\" />
      </Unit>
      <Unit filename="/home/zhangjian/qt_environment/qt_programmer/pendant/qt_ros_zhangjian/src/../../../../../../../opt/ros/hydro/share/catkin/cmake/interrogate_setup_dot_py.py">
          <Option virtualFolder="CMake Files\..\..\..\..\..\..\..\opt\ros\hydro\share\catkin\cmake\" />
      </Unit>
      <Unit filename="/home/zhangjian/qt_environment/qt_programmer/pendant/qt_ros_zhangjian/src/../../../../../../../opt/ros/hydro/share/catkin/cmake/catkinConfig-version.cmake">
          <Option virtualFolder="CMake Files\..\..\..\..\..\..\..\opt\ros\hydro\share\catkin\cmake\" />
      </Unit>
      <Unit filename="/home/zhangjian/qt_environment/qt_programmer/pendant/qt_ros_zhangjian/src/../../../../../../../opt/ros/hydro/share/catkin/cmake/catkinConfig.cmake">
          <Option virtualFolder="CMake Files\..\..\..\..\..\..\..\opt\ros\hydro\share\catkin\cmake\" />
      </Unit>
      <Unit filename="/home/zhangjian/qt_environment/qt_programmer/pendant/qt_ros_zhangjian/src/../../../../../../../opt/ros/hydro/share/catkin/cmake/catkinConfig-version.cmake">
          <Option virtualFolder="CMake Files\..\..\..\..\..\..\..\opt\ros\hydro\share\catkin\cmake\" />
      </Unit>
      <Unit filename="/home/zhangjian/qt_environment/qt_programmer/pendant/qt_ros_zhangjian/src/../../../../../../../opt/ros/hydro/share/catkin/cmake/catkinConfig.cmake">
          <Option virtualFolder="CMake Files\..\..\..\..\..\..\..\opt\ros\hydro\share\catkin\cmake\" />
      </Unit>
      <Unit filename="/home/zhangjian/qt_environment/qt_programmer/pendant/qt_ros_zhangjian/src/../../../../../../../opt/ros/hydro/share/catkin/cmake/catkinConfig-version.cmake">
          <Option virtualFolder="CMake Files\..\..\..\..\..\..\..\opt\ros\hydro\share\catkin\cmake\" />
      </Unit>
      <Unit filename="/home/zhangjian/qt_environment/qt_programmer/pendant/qt_ros_zhangjian/src/../../../../../../../opt/ros/hydro/share/catkin/cmake/catkinConfig.cmake">
          <Option virtualFolder="CMake Files\..\..\..\..\..\..\..\opt\ros\hydro\share\catkin\cmake\" />
      </Unit>
      <Unit filename="/home/zhangjian/qt_environment/qt_programmer/pendant/qt_ros_zhangjian/src/../../../../../../../opt/ros/hydro/share/catkin/cmake/catkinConfig-version.cmake">
          <Option virtualFolder="CMake Files\..\..\..\..\..\..\..\opt\ros\hydro\share\catkin\cmake\" />
      </Unit>
      <Unit filename="/home/zhangjian/qt_environment/qt_programmer/pendant/qt_ros_zhangjian/src/../../../../../../../opt/ros/hydro/share/catkin/cmake/catkinConfig.cmake">
          <Option virtualFolder="CMake Files\..\..\..\..\..\..\..\opt\ros\hydro\share\catkin\cmake\" />
      </Unit>
      <Unit filename="/home/zhangjian/qt_environment/qt_programmer/pendant/qt_ros_zhangjian/src/../../../../../../../opt/ros/hydro/share/catkin/cmake/catkinConfig-version.cmake">
          <Option virtualFolder="CMake Files\..\..\..\..\..\..\..\opt\ros\hydro\share\catkin\cmake\" />
      </Unit>
      <Unit filename="/home/zhangjian/qt_environment/qt_programmer/pendant/qt_ros_zhangjian/src/../../../../../../../opt/ros/hydro/share/catkin/cmake/catkinConfig.cmake">
          <Option virtualFolder="CMake Files\..\..\..\..\..\..\..\opt\ros\hydro\share\catkin\cmake\" />
      </Unit>
      <Unit filename="/home/zhangjian/qt_environment/qt_programmer/pendant/qt_ros_zhangjian/src/../../../../../../../opt/ros/hydro/share/catkin/cmake/catkinConfig-version.cmake">
          <Option virtualFolder="CMake Files\..\..\..\..\..\..\..\opt\ros\hydro\share\catkin\cmake\" />
      </Unit>
      <Unit filename="/home/zhangjian/qt_environment/qt_programmer/pendant/qt_ros_zhangjian/src/../../../../../../../opt/ros/hydro/share/catkin/cmake/catkinConfig.cmake">
          <Option virtualFolder="CMake Files\..\..\..\..\..\..\..\opt\ros\hydro\share\catkin\cmake\" />
      </Unit>
      <Unit filename="/home/zhangjian/qt_environment/qt_programmer/pendant/qt_ros_zhangjian/src/../../../../../../../opt/ros/hydro/share/catkin/cmake/catkinConfig-version.cmake">
          <Option virtualFolder="CMake Files\..\..\..\..\..\..\..\opt\ros\hydro\share\catkin\cmake\" />
      </Unit>
      <Unit filename="/home/zhangjian/qt_environment/qt_programmer/pendant/qt_ros_zhangjian/src/../../../../../../../opt/ros/hydro/share/catkin/cmake/catkinConfig.cmake">
          <Option virtualFolder="CMake Files\..\..\..\..\..\..\..\opt\ros\hydro\share\catkin\cmake\" />
      </Unit>
      <Unit filename="/home/zhangjian/qt_environment/qt_programmer/pendant/qt_ros_zhangjian/src/../../../../../../../opt/ros/hydro/share/catkin/cmake/catkinConfig-version.cmake">
          <Option virtualFolder="CMake Files\..\..\..\..\..\..\..\opt\ros\hydro\share\catkin\cmake\" />
      </Unit>
      <Unit filename="/home/zhangjian/qt_environment/qt_programmer/pendant/qt_ros_zhangjian/src/../../../../../../../opt/ros/hydro/share/catkin/cmake/catkinConfig.cmake">
          <Option virtualFolder="CMake Files\..\..\..\..\..\..\..\opt\ros\hydro\share\catkin\cmake\" />
      </Unit>
      <Unit filename="/home/zhangjian/qt_environment/qt_programmer/pendant/qt_ros_zhangjian/src/../../../../../../../opt/ros/hydro/share/catkin/cmake/catkinConfig-version.cmake">
          <Option virtualFolder="CMake Files\..\..\..\..\..\..\..\opt\ros\hydro\share\catkin\cmake\" />
      </Unit>
      <Unit filename="/home/zhangjian/qt_environment/qt_programmer/pendant/qt_ros_zhangjian/src/../../../../../../../opt/ros/hydro/share/catkin/cmake/catkinConfig.cmake">
          <Option virtualFolder="CMake Files\..\..\..\..\..\..\..\opt\ros\hydro\share\catkin\cmake\" />
      </Unit>
      <Unit filename="/home/zhangjian/qt_environment/qt_programmer/pendant/qt_ros_zhangjian/src/../../../../../../../opt/ros/hydro/share/catkin/cmake/catkinConfig-version.cmake">
          <Option virtualFolder="CMake Files\..\..\..\..\..\..\..\opt\ros\hydro\share\catkin\cmake\" />
      </Unit>
      <Unit filename="/home/zhangjian/qt_environment/qt_programmer/pendant/qt_ros_zhangjian/src/../../../../../../../opt/ros/hydro/share/catkin/cmake/catkinConfig.cmake">
          <Option virtualFolder="CMake Files\..\..\..\..\..\..\..\opt\ros\hydro\share\catkin\cmake\" />
      </Unit>
      <Unit filename="/home/zhangjian/qt_environment/qt_programmer/pendant/qt_ros_zhangjian/src/../../../../../../../opt/ros/hydro/share/catkin/cmake/platform/lsb.cmake">
          <Option virtualFolder="CMake Files\..\..\..\..\..\..\..\opt\ros\hydro\share\catkin\cmake\platform\" />
      </Unit>
      <Unit filename="/home/zhangjian/qt_environment/qt_programmer/pendant/qt_ros_zhangjian/src/../../../../../../../opt/ros/hydro/share/catkin/cmake/platform/ubuntu.cmake">
          <Option virtualFolder="CMake Files\..\..\..\..\..\..\..\opt\ros\hydro\share\catkin\cmake\platform\" />
      </Unit>
      <Unit filename="/home/zhangjian/qt_environment/qt_programmer/pendant/qt_ros_zhangjian/src/../../../../../../../opt/ros/hydro/share/catkin/cmake/platform/windows.cmake">
          <Option virtualFolder="CMake Files\..\..\..\..\..\..\..\opt\ros\hydro\share\catkin\cmake\platform\" />
      </Unit>
      <Unit filename="/home/zhangjian/qt_environment/qt_programmer/pendant/qt_ros_zhangjian/src/../../../../../../../opt/ros/hydro/share/catkin/cmake/test/tests.cmake">
          <Option virtualFolder="CMake Files\..\..\..\..\..\..\..\opt\ros\hydro\share\catkin\cmake\test\" />
      </Unit>
      <Unit filename="/home/zhangjian/qt_environment/qt_programmer/pendant/qt_ros_zhangjian/src/../../../../../../../opt/ros/hydro/share/catkin/cmake/test/catkin_download_test_data.cmake">
          <Option virtualFolder="CMake Files\..\..\..\..\..\..\..\opt\ros\hydro\share\catkin\cmake\test\" />
      </Unit>
      <Unit filename="/home/zhangjian/qt_environment/qt_programmer/pendant/qt_ros_zhangjian/src/../../../../../../../opt/ros/hydro/share/catkin/cmake/test/download_test_data.cmake">
          <Option virtualFolder="CMake Files\..\..\..\..\..\..\..\opt\ros\hydro\share\catkin\cmake\test\" />
      </Unit>
      <Unit filename="/home/zhangjian/qt_environment/qt_programmer/pendant/qt_ros_zhangjian/src/../../../../../../../opt/ros/hydro/share/catkin/cmake/test/gtest.cmake">
          <Option virtualFolder="CMake Files\..\..\..\..\..\..\..\opt\ros\hydro\share\catkin\cmake\test\" />
      </Unit>
      <Unit filename="/home/zhangjian/qt_environment/qt_programmer/pendant/qt_ros_zhangjian/src/../../../../../../../opt/ros/hydro/share/catkin/cmake/test/nosetests.cmake">
          <Option virtualFolder="CMake Files\..\..\..\..\..\..\..\opt\ros\hydro\share\catkin\cmake\test\" />
      </Unit>
      <Unit filename="/home/zhangjian/qt_environment/qt_programmer/pendant/qt_ros_zhangjian/src/../../../../../../../opt/ros/hydro/share/catkin/cmake/tools/doxygen.cmake">
          <Option virtualFolder="CMake Files\..\..\..\..\..\..\..\opt\ros\hydro\share\catkin\cmake\tools\" />
      </Unit>
      <Unit filename="/home/zhangjian/qt_environment/qt_programmer/pendant/qt_ros_zhangjian/src/../../../../../../../opt/ros/hydro/share/catkin/cmake/tools/libraries.cmake">
          <Option virtualFolder="CMake Files\..\..\..\..\..\..\..\opt\ros\hydro\share\catkin\cmake\tools\" />
      </Unit>
      <Unit filename="/home/zhangjian/qt_environment/qt_programmer/pendant/qt_ros_zhangjian/src/../../../../../../../opt/ros/hydro/share/catkin/cmake/tools/rt.cmake">
          <Option virtualFolder="CMake Files\..\..\..\..\..\..\..\opt\ros\hydro\share\catkin\cmake\tools\" />
      </Unit>
      <Unit filename="/home/zhangjian/qt_environment/qt_programmer/pendant/qt_ros_zhangjian/src/../../../../../../../opt/ros/hydro/share/catkin/cmake/../package.xml">
          <Option virtualFolder="CMake Files\..\..\..\..\..\..\..\opt\ros\hydro\share\catkin\cmake\..\" />
      </Unit>
      <Unit filename="/home/zhangjian/qt_environment/qt_programmer/pendant/qt_ros_zhangjian/src/../../../../../../../opt/ros/hydro/share/catkin/cmake/templates/_setup_util.py.in">
          <Option virtualFolder="CMake Files\..\..\..\..\..\..\..\opt\ros\hydro\share\catkin\cmake\templates\" />
      </Unit>
      <Unit filename="/home/zhangjian/qt_environment/qt_programmer/pendant/qt_ros_zhangjian/src/../../../../../../../opt/ros/hydro/share/catkin/cmake/templates/env.sh.in">
          <Option virtualFolder="CMake Files\..\..\..\..\..\..\..\opt\ros\hydro\share\catkin\cmake\templates\" />
      </Unit>
      <Unit filename="/home/zhangjian/qt_environment/qt_programmer/pendant/qt_ros_zhangjian/src/../../../../../../../opt/ros/hydro/share/catkin/cmake/templates/setup.bash.in">
          <Option virtualFolder="CMake Files\..\..\..\..\..\..\..\opt\ros\hydro\share\catkin\cmake\templates\" />
      </Unit>
      <Unit filename="/home/zhangjian/qt_environment/qt_programmer/pendant/qt_ros_zhangjian/src/../../../../../../../opt/ros/hydro/share/catkin/cmake/templates/setup.sh.in">
          <Option virtualFolder="CMake Files\..\..\..\..\..\..\..\opt\ros\hydro\share\catkin\cmake\templates\" />
      </Unit>
      <Unit filename="/home/zhangjian/qt_environment/qt_programmer/pendant/qt_ros_zhangjian/src/../../../../../../../opt/ros/hydro/share/catkin/cmake/templates/setup.zsh.in">
          <Option virtualFolder="CMake Files\..\..\..\..\..\..\..\opt\ros\hydro\share\catkin\cmake\templates\" />
      </Unit>
      <Unit filename="/home/zhangjian/qt_environment/qt_programmer/pendant/qt_ros_zhangjian/src/../../../../../../../opt/ros/hydro/share/catkin/cmake/templates/rosinstall.in">
          <Option virtualFolder="CMake Files\..\..\..\..\..\..\..\opt\ros\hydro\share\catkin\cmake\templates\" />
      </Unit>
      <Unit filename="/home/zhangjian/qt_environment/qt_programmer/pendant/qt_ros_zhangjian/src/../../../../../../../opt/ros/hydro/share/catkin/cmake/templates/_setup_util.py.in">
          <Option virtualFolder="CMake Files\..\..\..\..\..\..\..\opt\ros\hydro\share\catkin\cmake\templates\" />
      </Unit>
      <Unit filename="/home/zhangjian/qt_environment/qt_programmer/pendant/qt_ros_zhangjian/src/../../../../../../../opt/ros/hydro/share/catkin/cmake/templates/env.sh.in">
          <Option virtualFolder="CMake Files\..\..\..\..\..\..\..\opt\ros\hydro\share\catkin\cmake\templates\" />
      </Unit>
      <Unit filename="/home/zhangjian/qt_environment/qt_programmer/pendant/qt_ros_zhangjian/src/../../../../../../../opt/ros/hydro/share/catkin/cmake/templates/setup.bash.in">
          <Option virtualFolder="CMake Files\..\..\..\..\..\..\..\opt\ros\hydro\share\catkin\cmake\templates\" />
      </Unit>
      <Unit filename="/home/zhangjian/qt_environment/qt_programmer/pendant/qt_ros_zhangjian/src/../../../../../../../opt/ros/hydro/share/catkin/cmake/templates/setup.sh.in">
          <Option virtualFolder="CMake Files\..\..\..\..\..\..\..\opt\ros\hydro\share\catkin\cmake\templates\" />
      </Unit>
      <Unit filename="/home/zhangjian/qt_environment/qt_programmer/pendant/qt_ros_zhangjian/src/../../../../../../../opt/ros/hydro/share/catkin/cmake/templates/setup.zsh.in">
          <Option virtualFolder="CMake Files\..\..\..\..\..\..\..\opt\ros\hydro\share\catkin\cmake\templates\" />
      </Unit>
      <Unit filename="/home/zhangjian/qt_environment/qt_programmer/pendant/qt_ros_zhangjian/src/../../../../../../../opt/ros/hydro/share/catkin/cmake/templates/rosinstall.in">
          <Option virtualFolder="CMake Files\..\..\..\..\..\..\..\opt\ros\hydro\share\catkin\cmake\templates\" />
      </Unit>
      <Unit filename="/home/zhangjian/qt_environment/qt_programmer/pendant/qt_ros_zhangjian/src/../../../../../../../opt/ros/hydro/share/catkin/cmake/templates/generate_cached_setup.py.in">
          <Option virtualFolder="CMake Files\..\..\..\..\..\..\..\opt\ros\hydro\share\catkin\cmake\templates\" />
      </Unit>
      <Unit filename="/home/zhangjian/qt_environment/qt_programmer/pendant/qt_ros_zhangjian/src/../../../../../../../opt/ros/hydro/share/catkin/cmake/templates/env.sh.in">
          <Option virtualFolder="CMake Files\..\..\..\..\..\..\..\opt\ros\hydro\share\catkin\cmake\templates\" />
      </Unit>
      <Unit filename="/home/zhangjian/qt_environment/qt_programmer/pendant/qt_ros_zhangjian/src/../../../../../../../opt/ros/hydro/share/catkin/cmake/templates/order_packages.context.py.in">
          <Option virtualFolder="CMake Files\..\..\..\..\..\..\..\opt\ros\hydro\share\catkin\cmake\templates\" />
      </Unit>
      <Unit filename="/home/zhangjian/qt_environment/qt_programmer/pendant/qt_ros_zhangjian/src/../../../../../../../opt/ros/hydro/share/catkin/cmake/templates/pkg.context.pc.in">
          <Option virtualFolder="CMake Files\..\..\..\..\..\..\..\opt\ros\hydro\share\catkin\cmake\templates\" />
      </Unit>
      <Unit filename="/home/zhangjian/qt_environment/qt_programmer/pendant/qt_ros_zhangjian/src/../../../../../../../opt/ros/hydro/share/catkin/cmake/templates/pkgConfig.cmake.in">
          <Option virtualFolder="CMake Files\..\..\..\..\..\..\..\opt\ros\hydro\share\catkin\cmake\templates\" />
      </Unit>
      <Unit filename="/home/zhangjian/qt_environment/qt_programmer/pendant/qt_ros_zhangjian/src/../../../../../../../opt/ros/hydro/share/catkin/cmake/templates/pkgConfig-version.cmake.in">
          <Option virtualFolder="CMake Files\..\..\..\..\..\..\..\opt\ros\hydro\share\catkin\cmake\templates\" />
      </Unit>
      <Unit filename="/home/zhangjian/qt_environment/qt_programmer/pendant/qt_ros_zhangjian/src/../../../../../../../opt/ros/hydro/share/catkin/cmake/templates/pkg.context.pc.in">
          <Option virtualFolder="CMake Files\..\..\..\..\..\..\..\opt\ros\hydro\share\catkin\cmake\templates\" />
      </Unit>
      <Unit filename="/home/zhangjian/qt_environment/qt_programmer/pendant/qt_ros_zhangjian/src/../../../../../../../opt/ros/hydro/share/catkin/cmake/templates/pkgConfig.cmake.in">
          <Option virtualFolder="CMake Files\..\..\..\..\..\..\..\opt\ros\hydro\share\catkin\cmake\templates\" />
      </Unit>
      <Unit filename="/home/zhangjian/qt_environment/qt_programmer/pendant/qt_ros_zhangjian/src/../../../../../../../opt/ros/hydro/share/catkin/cmake/templates/pkgConfig-version.cmake.in">
          <Option virtualFolder="CMake Files\..\..\..\..\..\..\..\opt\ros\hydro\share\catkin\cmake\templates\" />
      </Unit>
      <Unit filename="/home/zhangjian/qt_environment/qt_programmer/pendant/qt_ros_zhangjian/src/../../../../../../../opt/ros/hydro/share/catkin/cmake/templates/pkg.context.pc.in">
          <Option virtualFolder="CMake Files\..\..\..\..\..\..\..\opt\ros\hydro\share\catkin\cmake\templates\" />
      </Unit>
      <Unit filename="/home/zhangjian/qt_environment/qt_programmer/pendant/qt_ros_zhangjian/src/../../../../../../../opt/ros/hydro/share/catkin/cmake/templates/pkgConfig.cmake.in">
          <Option virtualFolder="CMake Files\..\..\..\..\..\..\..\opt\ros\hydro\share\catkin\cmake\templates\" />
      </Unit>
      <Unit filename="/home/zhangjian/qt_environment/qt_programmer/pendant/qt_ros_zhangjian/src/../../../../../../../opt/ros/hydro/share/catkin/cmake/templates/pkgConfig-version.cmake.in">
          <Option virtualFolder="CMake Files\..\..\..\..\..\..\..\opt\ros\hydro\share\catkin\cmake\templates\" />
      </Unit>
      <Unit filename="/home/zhangjian/qt_environment/qt_programmer/pendant/qt_ros_zhangjian/src/../../../../../../../opt/ros/hydro/share/catkin/cmake/templates/pkg.context.pc.in">
          <Option virtualFolder="CMake Files\..\..\..\..\..\..\..\opt\ros\hydro\share\catkin\cmake\templates\" />
      </Unit>
      <Unit filename="/home/zhangjian/qt_environment/qt_programmer/pendant/qt_ros_zhangjian/src/../../../../../../../opt/ros/hydro/share/catkin/cmake/templates/pkgConfig.cmake.in">
          <Option virtualFolder="CMake Files\..\..\..\..\..\..\..\opt\ros\hydro\share\catkin\cmake\templates\" />
      </Unit>
      <Unit filename="/home/zhangjian/qt_environment/qt_programmer/pendant/qt_ros_zhangjian/src/../../../../../../../opt/ros/hydro/share/catkin/cmake/templates/pkgConfig-version.cmake.in">
          <Option virtualFolder="CMake Files\..\..\..\..\..\..\..\opt\ros\hydro\share\catkin\cmake\templates\" />
      </Unit>
      <Unit filename="/home/zhangjian/qt_environment/qt_programmer/pendant/qt_ros_zhangjian/src/../../../../../../../opt/ros/hydro/share/catkin/cmake/templates/python_distutils_install.sh.in">
          <Option virtualFolder="CMake Files\..\..\..\..\..\..\..\opt\ros\hydro\share\catkin\cmake\templates\" />
      </Unit>
      <Unit filename="/home/zhangjian/qt_environment/qt_programmer/pendant/qt_ros_zhangjian/src/../../../../../../../opt/ros/hydro/share/catkin/cmake/templates/safe_execute_install.cmake.in">
          <Option virtualFolder="CMake Files\..\..\..\..\..\..\..\opt\ros\hydro\share\catkin\cmake\templates\" />
      </Unit>
      <Unit filename="/home/zhangjian/qt_environment/qt_programmer/pendant/qt_ros_zhangjian/src/../../../../../../../opt/ros/hydro/share/catkin/cmake/templates/__init__.py.in">
          <Option virtualFolder="CMake Files\..\..\..\..\..\..\..\opt\ros\hydro\share\catkin\cmake\templates\" />
      </Unit>
      <Unit filename="/home/zhangjian/qt_environment/qt_programmer/pendant/qt_ros_zhangjian/src/../../../../../../../opt/ros/hydro/share/catkin/cmake/templates/script.py.in">
          <Option virtualFolder="CMake Files\..\..\..\..\..\..\..\opt\ros\hydro\share\catkin\cmake\templates\" />
      </Unit>
      <Unit filename="/home/zhangjian/qt_environment/qt_programmer/pendant/qt_ros_zhangjian/src/../../../../../../../opt/ros/hydro/share/catkin/cmake/templates/pkg.context.pc.in">
          <Option virtualFolder="CMake Files\..\..\..\..\..\..\..\opt\ros\hydro\share\catkin\cmake\templates\" />
      </Unit>
      <Unit filename="/home/zhangjian/qt_environment/qt_programmer/pendant/qt_ros_zhangjian/src/../../../../../../../opt/ros/hydro/share/catkin/cmake/templates/pkgConfig.cmake.in">
          <Option virtualFolder="CMake Files\..\..\..\..\..\..\..\opt\ros\hydro\share\catkin\cmake\templates\" />
      </Unit>
      <Unit filename="/home/zhangjian/qt_environment/qt_programmer/pendant/qt_ros_zhangjian/src/../../../../../../../opt/ros/hydro/share/catkin/cmake/templates/pkgConfig-version.cmake.in">
          <Option virtualFolder="CMake Files\..\..\..\..\..\..\..\opt\ros\hydro\share\catkin\cmake\templates\" />
      </Unit>
      <Unit filename="/home/zhangjian/qt_environment/qt_programmer/pendant/qt_ros_zhangjian/src/../../../../../../../opt/ros/hydro/share/catkin/cmake/templates/pkg.context.pc.in">
          <Option virtualFolder="CMake Files\..\..\..\..\..\..\..\opt\ros\hydro\share\catkin\cmake\templates\" />
      </Unit>
      <Unit filename="/home/zhangjian/qt_environment/qt_programmer/pendant/qt_ros_zhangjian/src/../../../../../../../opt/ros/hydro/share/catkin/cmake/templates/pkgConfig.cmake.in">
          <Option virtualFolder="CMake Files\..\..\..\..\..\..\..\opt\ros\hydro\share\catkin\cmake\templates\" />
      </Unit>
      <Unit filename="/home/zhangjian/qt_environment/qt_programmer/pendant/qt_ros_zhangjian/src/../../../../../../../opt/ros/hydro/share/catkin/cmake/templates/pkgConfig-version.cmake.in">
          <Option virtualFolder="CMake Files\..\..\..\..\..\..\..\opt\ros\hydro\share\catkin\cmake\templates\" />
      </Unit>
      <Unit filename="/home/zhangjian/qt_environment/qt_programmer/pendant/qt_ros_zhangjian/src/../../../../../../../opt/ros/hydro/share/catkin/cmake/templates/pkg.context.pc.in">
          <Option virtualFolder="CMake Files\..\..\..\..\..\..\..\opt\ros\hydro\share\catkin\cmake\templates\" />
      </Unit>
      <Unit filename="/home/zhangjian/qt_environment/qt_programmer/pendant/qt_ros_zhangjian/src/../../../../../../../opt/ros/hydro/share/catkin/cmake/templates/pkgConfig.cmake.in">
          <Option virtualFolder="CMake Files\..\..\..\..\..\..\..\opt\ros\hydro\share\catkin\cmake\templates\" />
      </Unit>
      <Unit filename="/home/zhangjian/qt_environment/qt_programmer/pendant/qt_ros_zhangjian/src/../../../../../../../opt/ros/hydro/share/catkin/cmake/templates/pkgConfig-version.cmake.in">
          <Option virtualFolder="CMake Files\..\..\..\..\..\..\..\opt\ros\hydro\share\catkin\cmake\templates\" />
      </Unit>
      <Unit filename="/home/zhangjian/qt_environment/qt_programmer/pendant/qt_ros_zhangjian/src/../../../../../../../opt/ros/hydro/share/catkin/cmake/templates/pkg.context.pc.in">
          <Option virtualFolder="CMake Files\..\..\..\..\..\..\..\opt\ros\hydro\share\catkin\cmake\templates\" />
      </Unit>
      <Unit filename="/home/zhangjian/qt_environment/qt_programmer/pendant/qt_ros_zhangjian/src/../../../../../../../opt/ros/hydro/share/catkin/cmake/templates/pkgConfig.cmake.in">
          <Option virtualFolder="CMake Files\..\..\..\..\..\..\..\opt\ros\hydro\share\catkin\cmake\templates\" />
      </Unit>
      <Unit filename="/home/zhangjian/qt_environment/qt_programmer/pendant/qt_ros_zhangjian/src/../../../../../../../opt/ros/hydro/share/catkin/cmake/templates/pkgConfig-version.cmake.in">
          <Option virtualFolder="CMake Files\..\..\..\..\..\..\..\opt\ros\hydro\share\catkin\cmake\templates\" />
      </Unit>
      <Unit filename="/home/zhangjian/qt_environment/qt_programmer/pendant/qt_ros_zhangjian/src/../../../../../../../opt/ros/hydro/share/catkin/cmake/templates/pkg.context.pc.in">
          <Option virtualFolder="CMake Files\..\..\..\..\..\..\..\opt\ros\hydro\share\catkin\cmake\templates\" />
      </Unit>
      <Unit filename="/home/zhangjian/qt_environment/qt_programmer/pendant/qt_ros_zhangjian/src/../../../../../../../opt/ros/hydro/share/catkin/cmake/templates/pkgConfig.cmake.in">
          <Option virtualFolder="CMake Files\..\..\..\..\..\..\..\opt\ros\hydro\share\catkin\cmake\templates\" />
      </Unit>
      <Unit filename="/home/zhangjian/qt_environment/qt_programmer/pendant/qt_ros_zhangjian/src/../../../../../../../opt/ros/hydro/share/catkin/cmake/templates/pkgConfig-version.cmake.in">
          <Option virtualFolder="CMake Files\..\..\..\..\..\..\..\opt\ros\hydro\share\catkin\cmake\templates\" />
      </Unit>
      <Unit filename="/home/zhangjian/qt_environment/qt_programmer/pendant/qt_ros_zhangjian/src/../../../../../../../opt/ros/hydro/share/catkin/cmake/templates/pkg.context.pc.in">
          <Option virtualFolder="CMake Files\..\..\..\..\..\..\..\opt\ros\hydro\share\catkin\cmake\templates\" />
      </Unit>
      <Unit filename="/home/zhangjian/qt_environment/qt_programmer/pendant/qt_ros_zhangjian/src/../../../../../../../opt/ros/hydro/share/catkin/cmake/templates/pkgConfig.cmake.in">
          <Option virtualFolder="CMake Files\..\..\..\..\..\..\..\opt\ros\hydro\share\catkin\cmake\templates\" />
      </Unit>
      <Unit filename="/home/zhangjian/qt_environment/qt_programmer/pendant/qt_ros_zhangjian/src/../../../../../../../opt/ros/hydro/share/catkin/cmake/templates/pkgConfig-version.cmake.in">
          <Option virtualFolder="CMake Files\..\..\..\..\..\..\..\opt\ros\hydro\share\catkin\cmake\templates\" />
      </Unit>
      <Unit filename="/home/zhangjian/qt_environment/qt_programmer/pendant/qt_ros_zhangjian/src/../../../../../../../opt/ros/hydro/share/catkin/cmake/templates/python_distutils_install.sh.in">
          <Option virtualFolder="CMake Files\..\..\..\..\..\..\..\opt\ros\hydro\share\catkin\cmake\templates\" />
      </Unit>
      <Unit filename="/home/zhangjian/qt_environment/qt_programmer/pendant/qt_ros_zhangjian/src/../../../../../../../opt/ros/hydro/share/catkin/cmake/templates/safe_execute_install.cmake.in">
          <Option virtualFolder="CMake Files\..\..\..\..\..\..\..\opt\ros\hydro\share\catkin\cmake\templates\" />
      </Unit>
      <Unit filename="/home/zhangjian/qt_environment/qt_programmer/pendant/qt_ros_zhangjian/src/../../../../../../../opt/ros/hydro/share/catkin/cmake/templates/__init__.py.in">
          <Option virtualFolder="CMake Files\..\..\..\..\..\..\..\opt\ros\hydro\share\catkin\cmake\templates\" />
      </Unit>
      <Unit filename="/home/zhangjian/qt_environment/qt_programmer/pendant/qt_ros_zhangjian/src/../../../../../../../opt/ros/hydro/share/catkin/cmake/templates/script.py.in">
          <Option virtualFolder="CMake Files\..\..\..\..\..\..\..\opt\ros\hydro\share\catkin\cmake\templates\" />
      </Unit>
      <Unit filename="/home/zhangjian/qt_environment/qt_programmer/pendant/qt_ros_zhangjian/src/../../../../../../../opt/ros/hydro/share/catkin/cmake/templates/pkg.context.pc.in">
          <Option virtualFolder="CMake Files\..\..\..\..\..\..\..\opt\ros\hydro\share\catkin\cmake\templates\" />
      </Unit>
      <Unit filename="/home/zhangjian/qt_environment/qt_programmer/pendant/qt_ros_zhangjian/src/../../../../../../../opt/ros/hydro/share/catkin/cmake/templates/pkgConfig.cmake.in">
          <Option virtualFolder="CMake Files\..\..\..\..\..\..\..\opt\ros\hydro\share\catkin\cmake\templates\" />
      </Unit>
      <Unit filename="/home/zhangjian/qt_environment/qt_programmer/pendant/qt_ros_zhangjian/src/../../../../../../../opt/ros/hydro/share/catkin/cmake/templates/pkgConfig-version.cmake.in">
          <Option virtualFolder="CMake Files\..\..\..\..\..\..\..\opt\ros\hydro\share\catkin\cmake\templates\" />
      </Unit>
      <Unit filename="/home/zhangjian/qt_environment/qt_programmer/pendant/qt_ros_zhangjian/src/../../../../../../../opt/ros/hydro/share/catkin/cmake/templates/pkg.context.pc.in">
          <Option virtualFolder="CMake Files\..\..\..\..\..\..\..\opt\ros\hydro\share\catkin\cmake\templates\" />
      </Unit>
      <Unit filename="/home/zhangjian/qt_environment/qt_programmer/pendant/qt_ros_zhangjian/src/../../../../../../../opt/ros/hydro/share/catkin/cmake/templates/pkgConfig.cmake.in">
          <Option virtualFolder="CMake Files\..\..\..\..\..\..\..\opt\ros\hydro\share\catkin\cmake\templates\" />
      </Unit>
      <Unit filename="/home/zhangjian/qt_environment/qt_programmer/pendant/qt_ros_zhangjian/src/../../../../../../../opt/ros/hydro/share/catkin/cmake/templates/pkgConfig-version.cmake.in">
          <Option virtualFolder="CMake Files\..\..\..\..\..\..\..\opt\ros\hydro\share\catkin\cmake\templates\" />
      </Unit>
      <Unit filename="/home/zhangjian/qt_environment/qt_programmer/pendant/qt_ros_zhangjian/src/../../../../../../../opt/ros/hydro/share/catkin/cmake/env-hooks/05.catkin-test-results.sh.develspace.in">
          <Option virtualFolder="CMake Files\..\..\..\..\..\..\..\opt\ros\hydro\share\catkin\cmake\env-hooks\" />
      </Unit>
      <Unit filename="/home/zhangjian/qt_environment/qt_programmer/pendant/qt_ros_zhangjian/src/../../../../../../../opt/ros/hydro/share/catkin/cmake/em/order_packages.cmake.em">
          <Option virtualFolder="CMake Files\..\..\..\..\..\..\..\opt\ros\hydro\share\catkin\cmake\em\" />
      </Unit>
      <Unit filename="/home/zhangjian/qt_environment/qt_programmer/pendant/qt_ros_zhangjian/src/../../../../../../../opt/ros/hydro/share/catkin/cmake/em/pkg.pc.em">
          <Option virtualFolder="CMake Files\..\..\..\..\..\..\..\opt\ros\hydro\share\catkin\cmake\em\" />
      </Unit>
      <Unit filename="/home/zhangjian/qt_environment/qt_programmer/pendant/qt_ros_zhangjian/src/../../../../../../../opt/ros/hydro/share/catkin/cmake/em/pkg.pc.em">
          <Option virtualFolder="CMake Files\..\..\..\..\..\..\..\opt\ros\hydro\share\catkin\cmake\em\" />
      </Unit>
      <Unit filename="/home/zhangjian/qt_environment/qt_programmer/pendant/qt_ros_zhangjian/src/../../../../../../../opt/ros/hydro/share/catkin/cmake/em/pkg.pc.em">
          <Option virtualFolder="CMake Files\..\..\..\..\..\..\..\opt\ros\hydro\share\catkin\cmake\em\" />
      </Unit>
      <Unit filename="/home/zhangjian/qt_environment/qt_programmer/pendant/qt_ros_zhangjian/src/../../../../../../../opt/ros/hydro/share/catkin/cmake/em/pkg.pc.em">
          <Option virtualFolder="CMake Files\..\..\..\..\..\..\..\opt\ros\hydro\share\catkin\cmake\em\" />
      </Unit>
      <Unit filename="/home/zhangjian/qt_environment/qt_programmer/pendant/qt_ros_zhangjian/src/../../../../../../../opt/ros/hydro/share/catkin/cmake/em/pkg.pc.em">
          <Option virtualFolder="CMake Files\..\..\..\..\..\..\..\opt\ros\hydro\share\catkin\cmake\em\" />
      </Unit>
      <Unit filename="/home/zhangjian/qt_environment/qt_programmer/pendant/qt_ros_zhangjian/src/../../../../../../../opt/ros/hydro/share/catkin/cmake/em/pkg.pc.em">
          <Option virtualFolder="CMake Files\..\..\..\..\..\..\..\opt\ros\hydro\share\catkin\cmake\em\" />
      </Unit>
      <Unit filename="/home/zhangjian/qt_environment/qt_programmer/pendant/qt_ros_zhangjian/src/../../../../../../../opt/ros/hydro/share/catkin/cmake/em/pkg.pc.em">
          <Option virtualFolder="CMake Files\..\..\..\..\..\..\..\opt\ros\hydro\share\catkin\cmake\em\" />
      </Unit>
      <Unit filename="/home/zhangjian/qt_environment/qt_programmer/pendant/qt_ros_zhangjian/src/../../../../../../../opt/ros/hydro/share/catkin/cmake/em/pkg.pc.em">
          <Option virtualFolder="CMake Files\..\..\..\..\..\..\..\opt\ros\hydro\share\catkin\cmake\em\" />
      </Unit>
      <Unit filename="/home/zhangjian/qt_environment/qt_programmer/pendant/qt_ros_zhangjian/src/../../../../../../../opt/ros/hydro/share/catkin/cmake/em/pkg.pc.em">
          <Option virtualFolder="CMake Files\..\..\..\..\..\..\..\opt\ros\hydro\share\catkin\cmake\em\" />
      </Unit>
      <Unit filename="/home/zhangjian/qt_environment/qt_programmer/pendant/qt_ros_zhangjian/src/../../../../../../../opt/ros/hydro/share/catkin/cmake/em/pkg.pc.em">
          <Option virtualFolder="CMake Files\..\..\..\..\..\..\..\opt\ros\hydro\share\catkin\cmake\em\" />
      </Unit>
      <Unit filename="/home/zhangjian/qt_environment/qt_programmer/pendant/qt_ros_zhangjian/src/../../../../../../../opt/ros/hydro/share/catkin/cmake/em/pkg.pc.em">
          <Option virtualFolder="CMake Files\..\..\..\..\..\..\..\opt\ros\hydro\share\catkin\cmake\em\" />
      </Unit>
      <Unit filename="/home/zhangjian/qt_environment/qt_programmer/pendant/qt_ros_zhangjian/src/../../../../../../../opt/ros/hydro/share/catkin/cmake/em/pkg.pc.em">
          <Option virtualFolder="CMake Files\..\..\..\..\..\..\..\opt\ros\hydro\share\catkin\cmake\em\" />
      </Unit>
      <Unit filename="/home/zhangjian/qt_environment/qt_programmer/pendant/qt_ros_zhangjian/src/../../../../../../../opt/ros/hydro/share/message_generation/cmake/message_generationConfig-version.cmake">
          <Option virtualFolder="CMake Files\..\..\..\..\..\..\..\opt\ros\hydro\share\message_generation\cmake\" />
      </Unit>
      <Unit filename="/home/zhangjian/qt_environment/qt_programmer/pendant/qt_ros_zhangjian/src/../../../../../../../opt/ros/hydro/share/message_generation/cmake/message_generationConfig.cmake">
          <Option virtualFolder="CMake Files\..\..\..\..\..\..\..\opt\ros\hydro\share\message_generation\cmake\" />
      </Unit>
      <Unit filename="/home/zhangjian/qt_environment/qt_programmer/pendant/qt_ros_zhangjian/src/../../../../../../../opt/ros/hydro/share/message_generation/cmake/message_generationConfig-version.cmake">
          <Option virtualFolder="CMake Files\..\..\..\..\..\..\..\opt\ros\hydro\share\message_generation\cmake\" />
      </Unit>
      <Unit filename="/home/zhangjian/qt_environment/qt_programmer/pendant/qt_ros_zhangjian/src/../../../../../../../opt/ros/hydro/share/message_generation/cmake/message_generationConfig.cmake">
          <Option virtualFolder="CMake Files\..\..\..\..\..\..\..\opt\ros\hydro\share\message_generation\cmake\" />
      </Unit>
      <Unit filename="/home/zhangjian/qt_environment/qt_programmer/pendant/qt_ros_zhangjian/src/../../../../../../../opt/ros/hydro/share/gencpp/cmake/gencppConfig-version.cmake">
          <Option virtualFolder="CMake Files\..\..\..\..\..\..\..\opt\ros\hydro\share\gencpp\cmake\" />
      </Unit>
      <Unit filename="/home/zhangjian/qt_environment/qt_programmer/pendant/qt_ros_zhangjian/src/../../../../../../../opt/ros/hydro/share/gencpp/cmake/gencppConfig.cmake">
          <Option virtualFolder="CMake Files\..\..\..\..\..\..\..\opt\ros\hydro\share\gencpp\cmake\" />
      </Unit>
      <Unit filename="/home/zhangjian/qt_environment/qt_programmer/pendant/qt_ros_zhangjian/src/../../../../../../../opt/ros/hydro/share/gencpp/cmake/gencppConfig-version.cmake">
          <Option virtualFolder="CMake Files\..\..\..\..\..\..\..\opt\ros\hydro\share\gencpp\cmake\" />
      </Unit>
      <Unit filename="/home/zhangjian/qt_environment/qt_programmer/pendant/qt_ros_zhangjian/src/../../../../../../../opt/ros/hydro/share/gencpp/cmake/gencppConfig.cmake">
          <Option virtualFolder="CMake Files\..\..\..\..\..\..\..\opt\ros\hydro\share\gencpp\cmake\" />
      </Unit>
      <Unit filename="/home/zhangjian/qt_environment/qt_programmer/pendant/qt_ros_zhangjian/src/../../../../../../../opt/ros/hydro/share/gencpp/cmake/gencpp-extras.cmake">
          <Option virtualFolder="CMake Files\..\..\..\..\..\..\..\opt\ros\hydro\share\gencpp\cmake\" />
      </Unit>
      <Unit filename="/home/zhangjian/qt_environment/qt_programmer/pendant/qt_ros_zhangjian/src/../../../../../../../opt/ros/hydro/share/gencpp/cmake/gencppConfig-version.cmake">
          <Option virtualFolder="CMake Files\..\..\..\..\..\..\..\opt\ros\hydro\share\gencpp\cmake\" />
      </Unit>
      <Unit filename="/home/zhangjian/qt_environment/qt_programmer/pendant/qt_ros_zhangjian/src/../../../../../../../opt/ros/hydro/share/gencpp/cmake/gencppConfig.cmake">
          <Option virtualFolder="CMake Files\..\..\..\..\..\..\..\opt\ros\hydro\share\gencpp\cmake\" />
      </Unit>
      <Unit filename="/home/zhangjian/qt_environment/qt_programmer/pendant/qt_ros_zhangjian/src/../../../../../../../opt/ros/hydro/share/gencpp/cmake/gencppConfig-version.cmake">
          <Option virtualFolder="CMake Files\..\..\..\..\..\..\..\opt\ros\hydro\share\gencpp\cmake\" />
      </Unit>
      <Unit filename="/home/zhangjian/qt_environment/qt_programmer/pendant/qt_ros_zhangjian/src/../../../../../../../opt/ros/hydro/share/gencpp/cmake/gencppConfig.cmake">
          <Option virtualFolder="CMake Files\..\..\..\..\..\..\..\opt\ros\hydro\share\gencpp\cmake\" />
      </Unit>
      <Unit filename="/home/zhangjian/qt_environment/qt_programmer/pendant/qt_ros_zhangjian/src/../../../../../../../opt/ros/hydro/share/gencpp/cmake/gencppConfig-version.cmake">
          <Option virtualFolder="CMake Files\..\..\..\..\..\..\..\opt\ros\hydro\share\gencpp\cmake\" />
      </Unit>
      <Unit filename="/home/zhangjian/qt_environment/qt_programmer/pendant/qt_ros_zhangjian/src/../../../../../../../opt/ros/hydro/share/gencpp/cmake/gencppConfig.cmake">
          <Option virtualFolder="CMake Files\..\..\..\..\..\..\..\opt\ros\hydro\share\gencpp\cmake\" />
      </Unit>
      <Unit filename="/home/zhangjian/qt_environment/qt_programmer/pendant/qt_ros_zhangjian/src/../../../../../../../opt/ros/hydro/share/gencpp/cmake/gencpp-extras.cmake">
          <Option virtualFolder="CMake Files\..\..\..\..\..\..\..\opt\ros\hydro\share\gencpp\cmake\" />
      </Unit>
      <Unit filename="/home/zhangjian/qt_environment/qt_programmer/pendant/qt_ros_zhangjian/src/../../../../../../../opt/ros/hydro/share/gencpp/cmake/gencppConfig-version.cmake">
          <Option virtualFolder="CMake Files\..\..\..\..\..\..\..\opt\ros\hydro\share\gencpp\cmake\" />
      </Unit>
      <Unit filename="/home/zhangjian/qt_environment/qt_programmer/pendant/qt_ros_zhangjian/src/../../../../../../../opt/ros/hydro/share/gencpp/cmake/gencppConfig.cmake">
          <Option virtualFolder="CMake Files\..\..\..\..\..\..\..\opt\ros\hydro\share\gencpp\cmake\" />
      </Unit>
      <Unit filename="/home/zhangjian/qt_environment/qt_programmer/pendant/qt_ros_zhangjian/src/../../../../../../../opt/ros/hydro/share/genmsg/cmake/genmsgConfig-version.cmake">
          <Option virtualFolder="CMake Files\..\..\..\..\..\..\..\opt\ros\hydro\share\genmsg\cmake\" />
      </Unit>
      <Unit filename="/home/zhangjian/qt_environment/qt_programmer/pendant/qt_ros_zhangjian/src/../../../../../../../opt/ros/hydro/share/genmsg/cmake/genmsgConfig.cmake">
          <Option virtualFolder="CMake Files\..\..\..\..\..\..\..\opt\ros\hydro\share\genmsg\cmake\" />
      </Unit>
      <Unit filename="/home/zhangjian/qt_environment/qt_programmer/pendant/qt_ros_zhangjian/src/../../../../../../../opt/ros/hydro/share/genmsg/cmake/genmsg-extras.cmake">
          <Option virtualFolder="CMake Files\..\..\..\..\..\..\..\opt\ros\hydro\share\genmsg\cmake\" />
      </Unit>
      <Unit filename="/home/zhangjian/qt_environment/qt_programmer/pendant/qt_ros_zhangjian/src/../../../../../../../opt/ros/hydro/share/genmsg/cmake/genmsgConfig-version.cmake">
          <Option virtualFolder="CMake Files\..\..\..\..\..\..\..\opt\ros\hydro\share\genmsg\cmake\" />
      </Unit>
      <Unit filename="/home/zhangjian/qt_environment/qt_programmer/pendant/qt_ros_zhangjian/src/../../../../../../../opt/ros/hydro/share/genmsg/cmake/genmsgConfig.cmake">
          <Option virtualFolder="CMake Files\..\..\..\..\..\..\..\opt\ros\hydro\share\genmsg\cmake\" />
      </Unit>
      <Unit filename="/home/zhangjian/qt_environment/qt_programmer/pendant/qt_ros_zhangjian/src/../../../../../../../opt/ros/hydro/share/genmsg/cmake/pkg-msg-paths.context.in">
          <Option virtualFolder="CMake Files\..\..\..\..\..\..\..\opt\ros\hydro\share\genmsg\cmake\" />
      </Unit>
      <Unit filename="/home/zhangjian/qt_environment/qt_programmer/pendant/qt_ros_zhangjian/src/../../../../../../../opt/ros/hydro/share/genmsg/cmake/pkg-msg-paths.cmake.em">
          <Option virtualFolder="CMake Files\..\..\..\..\..\..\..\opt\ros\hydro\share\genmsg\cmake\" />
      </Unit>
      <Unit filename="/home/zhangjian/qt_environment/qt_programmer/pendant/qt_ros_zhangjian/src/../../../../../../../opt/ros/hydro/share/genmsg/cmake/pkg-msg-paths.context.in">
          <Option virtualFolder="CMake Files\..\..\..\..\..\..\..\opt\ros\hydro\share\genmsg\cmake\" />
      </Unit>
      <Unit filename="/home/zhangjian/qt_environment/qt_programmer/pendant/qt_ros_zhangjian/src/../../../../../../../opt/ros/hydro/share/genmsg/cmake/pkg-msg-paths.cmake.em">
          <Option virtualFolder="CMake Files\..\..\..\..\..\..\..\opt\ros\hydro\share\genmsg\cmake\" />
      </Unit>
      <Unit filename="/home/zhangjian/qt_environment/qt_programmer/pendant/qt_ros_zhangjian/src/../../../../../../../opt/ros/hydro/share/genmsg/cmake/pkg-msg-extras.cmake.in">
          <Option virtualFolder="CMake Files\..\..\..\..\..\..\..\opt\ros\hydro\share\genmsg\cmake\" />
      </Unit>
      <Unit filename="/home/zhangjian/qt_environment/qt_programmer/pendant/qt_ros_zhangjian/src/../../../../../../../opt/ros/hydro/share/genmsg/cmake/pkg-msg-extras.cmake.in">
          <Option virtualFolder="CMake Files\..\..\..\..\..\..\..\opt\ros\hydro\share\genmsg\cmake\" />
      </Unit>
      <Unit filename="/home/zhangjian/qt_environment/qt_programmer/pendant/qt_ros_zhangjian/src/../../../../../../../opt/ros/hydro/share/genmsg/cmake/pkg-genmsg.context.in">
          <Option virtualFolder="CMake Files\..\..\..\..\..\..\..\opt\ros\hydro\share\genmsg\cmake\" />
      </Unit>
      <Unit filename="/home/zhangjian/qt_environment/qt_programmer/pendant/qt_ros_zhangjian/src/../../../../../../../opt/ros/hydro/share/genmsg/cmake/pkg-genmsg.cmake.em">
          <Option virtualFolder="CMake Files\..\..\..\..\..\..\..\opt\ros\hydro\share\genmsg\cmake\" />
      </Unit>
      <Unit filename="/home/zhangjian/qt_environment/qt_programmer/pendant/qt_ros_zhangjian/src/../../../../../../../opt/ros/hydro/share/genmsg/cmake/genmsgConfig-version.cmake">
          <Option virtualFolder="CMake Files\..\..\..\..\..\..\..\opt\ros\hydro\share\genmsg\cmake\" />
      </Unit>
      <Unit filename="/home/zhangjian/qt_environment/qt_programmer/pendant/qt_ros_zhangjian/src/../../../../../../../opt/ros/hydro/share/genmsg/cmake/genmsgConfig.cmake">
          <Option virtualFolder="CMake Files\..\..\..\..\..\..\..\opt\ros\hydro\share\genmsg\cmake\" />
      </Unit>
      <Unit filename="/home/zhangjian/qt_environment/qt_programmer/pendant/qt_ros_zhangjian/src/../../../../../../../opt/ros/hydro/share/genmsg/cmake/genmsg-extras.cmake">
          <Option virtualFolder="CMake Files\..\..\..\..\..\..\..\opt\ros\hydro\share\genmsg\cmake\" />
      </Unit>
      <Unit filename="/home/zhangjian/qt_environment/qt_programmer/pendant/qt_ros_zhangjian/src/../../../../../../../opt/ros/hydro/share/genmsg/cmake/genmsgConfig-version.cmake">
          <Option virtualFolder="CMake Files\..\..\..\..\..\..\..\opt\ros\hydro\share\genmsg\cmake\" />
      </Unit>
      <Unit filename="/home/zhangjian/qt_environment/qt_programmer/pendant/qt_ros_zhangjian/src/../../../../../../../opt/ros/hydro/share/genmsg/cmake/genmsgConfig.cmake">
          <Option virtualFolder="CMake Files\..\..\..\..\..\..\..\opt\ros\hydro\share\genmsg\cmake\" />
      </Unit>
      <Unit filename="/home/zhangjian/qt_environment/qt_programmer/pendant/qt_ros_zhangjian/src/../../../../../../../opt/ros/hydro/share/genmsg/cmake/pkg-msg-paths.context.in">
          <Option virtualFolder="CMake Files\..\..\..\..\..\..\..\opt\ros\hydro\share\genmsg\cmake\" />
      </Unit>
      <Unit filename="/home/zhangjian/qt_environment/qt_programmer/pendant/qt_ros_zhangjian/src/../../../../../../../opt/ros/hydro/share/genmsg/cmake/pkg-msg-paths.cmake.em">
          <Option virtualFolder="CMake Files\..\..\..\..\..\..\..\opt\ros\hydro\share\genmsg\cmake\" />
      </Unit>
      <Unit filename="/home/zhangjian/qt_environment/qt_programmer/pendant/qt_ros_zhangjian/src/../../../../../../../opt/ros/hydro/share/genmsg/cmake/pkg-msg-paths.context.in">
          <Option virtualFolder="CMake Files\..\..\..\..\..\..\..\opt\ros\hydro\share\genmsg\cmake\" />
      </Unit>
      <Unit filename="/home/zhangjian/qt_environment/qt_programmer/pendant/qt_ros_zhangjian/src/../../../../../../../opt/ros/hydro/share/genmsg/cmake/pkg-msg-paths.cmake.em">
          <Option virtualFolder="CMake Files\..\..\..\..\..\..\..\opt\ros\hydro\share\genmsg\cmake\" />
      </Unit>
      <Unit filename="/home/zhangjian/qt_environment/qt_programmer/pendant/qt_ros_zhangjian/src/../../../../../../../opt/ros/hydro/share/genmsg/cmake/pkg-msg-extras.cmake.in">
          <Option virtualFolder="CMake Files\..\..\..\..\..\..\..\opt\ros\hydro\share\genmsg\cmake\" />
      </Unit>
      <Unit filename="/home/zhangjian/qt_environment/qt_programmer/pendant/qt_ros_zhangjian/src/../../../../../../../opt/ros/hydro/share/genmsg/cmake/pkg-msg-extras.cmake.in">
          <Option virtualFolder="CMake Files\..\..\..\..\..\..\..\opt\ros\hydro\share\genmsg\cmake\" />
      </Unit>
      <Unit filename="/home/zhangjian/qt_environment/qt_programmer/pendant/qt_ros_zhangjian/src/../../../../../../../opt/ros/hydro/share/genmsg/cmake/pkg-genmsg.context.in">
          <Option virtualFolder="CMake Files\..\..\..\..\..\..\..\opt\ros\hydro\share\genmsg\cmake\" />
      </Unit>
      <Unit filename="/home/zhangjian/qt_environment/qt_programmer/pendant/qt_ros_zhangjian/src/../../../../../../../opt/ros/hydro/share/genmsg/cmake/pkg-genmsg.cmake.em">
          <Option virtualFolder="CMake Files\..\..\..\..\..\..\..\opt\ros\hydro\share\genmsg\cmake\" />
      </Unit>
      <Unit filename="/home/zhangjian/qt_environment/qt_programmer/pendant/qt_ros_zhangjian/src/../../../../../../../opt/ros/hydro/share/genlisp/cmake/genlispConfig-version.cmake">
          <Option virtualFolder="CMake Files\..\..\..\..\..\..\..\opt\ros\hydro\share\genlisp\cmake\" />
      </Unit>
      <Unit filename="/home/zhangjian/qt_environment/qt_programmer/pendant/qt_ros_zhangjian/src/../../../../../../../opt/ros/hydro/share/genlisp/cmake/genlispConfig.cmake">
          <Option virtualFolder="CMake Files\..\..\..\..\..\..\..\opt\ros\hydro\share\genlisp\cmake\" />
      </Unit>
      <Unit filename="/home/zhangjian/qt_environment/qt_programmer/pendant/qt_ros_zhangjian/src/../../../../../../../opt/ros/hydro/share/genlisp/cmake/genlisp-extras.cmake">
          <Option virtualFolder="CMake Files\..\..\..\..\..\..\..\opt\ros\hydro\share\genlisp\cmake\" />
      </Unit>
      <Unit filename="/home/zhangjian/qt_environment/qt_programmer/pendant/qt_ros_zhangjian/src/../../../../../../../opt/ros/hydro/share/genlisp/cmake/genlispConfig-version.cmake">
          <Option virtualFolder="CMake Files\..\..\..\..\..\..\..\opt\ros\hydro\share\genlisp\cmake\" />
      </Unit>
      <Unit filename="/home/zhangjian/qt_environment/qt_programmer/pendant/qt_ros_zhangjian/src/../../../../../../../opt/ros/hydro/share/genlisp/cmake/genlispConfig.cmake">
          <Option virtualFolder="CMake Files\..\..\..\..\..\..\..\opt\ros\hydro\share\genlisp\cmake\" />
      </Unit>
      <Unit filename="/home/zhangjian/qt_environment/qt_programmer/pendant/qt_ros_zhangjian/src/../../../../../../../opt/ros/hydro/share/genlisp/cmake/genlispConfig-version.cmake">
          <Option virtualFolder="CMake Files\..\..\..\..\..\..\..\opt\ros\hydro\share\genlisp\cmake\" />
      </Unit>
      <Unit filename="/home/zhangjian/qt_environment/qt_programmer/pendant/qt_ros_zhangjian/src/../../../../../../../opt/ros/hydro/share/genlisp/cmake/genlispConfig.cmake">
          <Option virtualFolder="CMake Files\..\..\..\..\..\..\..\opt\ros\hydro\share\genlisp\cmake\" />
      </Unit>
      <Unit filename="/home/zhangjian/qt_environment/qt_programmer/pendant/qt_ros_zhangjian/src/../../../../../../../opt/ros/hydro/share/genlisp/cmake/genlisp-extras.cmake">
          <Option virtualFolder="CMake Files\..\..\..\..\..\..\..\opt\ros\hydro\share\genlisp\cmake\" />
      </Unit>
      <Unit filename="/home/zhangjian/qt_environment/qt_programmer/pendant/qt_ros_zhangjian/src/../../../../../../../opt/ros/hydro/share/genlisp/cmake/genlispConfig-version.cmake">
          <Option virtualFolder="CMake Files\..\..\..\..\..\..\..\opt\ros\hydro\share\genlisp\cmake\" />
      </Unit>
      <Unit filename="/home/zhangjian/qt_environment/qt_programmer/pendant/qt_ros_zhangjian/src/../../../../../../../opt/ros/hydro/share/genlisp/cmake/genlispConfig.cmake">
          <Option virtualFolder="CMake Files\..\..\..\..\..\..\..\opt\ros\hydro\share\genlisp\cmake\" />
      </Unit>
      <Unit filename="/home/zhangjian/qt_environment/qt_programmer/pendant/qt_ros_zhangjian/src/../../../../../../../opt/ros/hydro/share/genpy/cmake/genpyConfig-version.cmake">
          <Option virtualFolder="CMake Files\..\..\..\..\..\..\..\opt\ros\hydro\share\genpy\cmake\" />
      </Unit>
      <Unit filename="/home/zhangjian/qt_environment/qt_programmer/pendant/qt_ros_zhangjian/src/../../../../../../../opt/ros/hydro/share/genpy/cmake/genpyConfig.cmake">
          <Option virtualFolder="CMake Files\..\..\..\..\..\..\..\opt\ros\hydro\share\genpy\cmake\" />
      </Unit>
      <Unit filename="/home/zhangjian/qt_environment/qt_programmer/pendant/qt_ros_zhangjian/src/../../../../../../../opt/ros/hydro/share/genpy/cmake/genpy-extras.cmake">
          <Option virtualFolder="CMake Files\..\..\..\..\..\..\..\opt\ros\hydro\share\genpy\cmake\" />
      </Unit>
      <Unit filename="/home/zhangjian/qt_environment/qt_programmer/pendant/qt_ros_zhangjian/src/../../../../../../../opt/ros/hydro/share/genpy/cmake/genpyConfig-version.cmake">
          <Option virtualFolder="CMake Files\..\..\..\..\..\..\..\opt\ros\hydro\share\genpy\cmake\" />
      </Unit>
      <Unit filename="/home/zhangjian/qt_environment/qt_programmer/pendant/qt_ros_zhangjian/src/../../../../../../../opt/ros/hydro/share/genpy/cmake/genpyConfig.cmake">
          <Option virtualFolder="CMake Files\..\..\..\..\..\..\..\opt\ros\hydro\share\genpy\cmake\" />
      </Unit>
      <Unit filename="/home/zhangjian/qt_environment/qt_programmer/pendant/qt_ros_zhangjian/src/../../../../../../../opt/ros/hydro/share/genpy/cmake/genpyConfig-version.cmake">
          <Option virtualFolder="CMake Files\..\..\..\..\..\..\..\opt\ros\hydro\share\genpy\cmake\" />
      </Unit>
      <Unit filename="/home/zhangjian/qt_environment/qt_programmer/pendant/qt_ros_zhangjian/src/../../../../../../../opt/ros/hydro/share/genpy/cmake/genpyConfig.cmake">
          <Option virtualFolder="CMake Files\..\..\..\..\..\..\..\opt\ros\hydro\share\genpy\cmake\" />
      </Unit>
      <Unit filename="/home/zhangjian/qt_environment/qt_programmer/pendant/qt_ros_zhangjian/src/../../../../../../../opt/ros/hydro/share/genpy/cmake/genpy-extras.cmake">
          <Option virtualFolder="CMake Files\..\..\..\..\..\..\..\opt\ros\hydro\share\genpy\cmake\" />
      </Unit>
      <Unit filename="/home/zhangjian/qt_environment/qt_programmer/pendant/qt_ros_zhangjian/src/../../../../../../../opt/ros/hydro/share/genpy/cmake/genpyConfig-version.cmake">
          <Option virtualFolder="CMake Files\..\..\..\..\..\..\..\opt\ros\hydro\share\genpy\cmake\" />
      </Unit>
      <Unit filename="/home/zhangjian/qt_environment/qt_programmer/pendant/qt_ros_zhangjian/src/../../../../../../../opt/ros/hydro/share/genpy/cmake/genpyConfig.cmake">
          <Option virtualFolder="CMake Files\..\..\..\..\..\..\..\opt\ros\hydro\share\genpy\cmake\" />
      </Unit>
      <Unit filename="/home/zhangjian/qt_environment/qt_programmer/pendant/qt_ros_zhangjian/src/../../../../../../../opt/ros/hydro/share/std_msgs/cmake/std_msgsConfig-version.cmake">
          <Option virtualFolder="CMake Files\..\..\..\..\..\..\..\opt\ros\hydro\share\std_msgs\cmake\" />
      </Unit>
      <Unit filename="/home/zhangjian/qt_environment/qt_programmer/pendant/qt_ros_zhangjian/src/../../../../../../../opt/ros/hydro/share/std_msgs/cmake/std_msgsConfig.cmake">
          <Option virtualFolder="CMake Files\..\..\..\..\..\..\..\opt\ros\hydro\share\std_msgs\cmake\" />
      </Unit>
      <Unit filename="/home/zhangjian/qt_environment/qt_programmer/pendant/qt_ros_zhangjian/src/../../../../../../../opt/ros/hydro/share/std_msgs/cmake/std_msgs-msg-extras.cmake">
          <Option virtualFolder="CMake Files\..\..\..\..\..\..\..\opt\ros\hydro\share\std_msgs\cmake\" />
      </Unit>
      <Unit filename="/home/zhangjian/qt_environment/qt_programmer/pendant/qt_ros_zhangjian/src/../../../../../../../opt/ros/hydro/share/std_msgs/cmake/std_msgs-msg-paths.cmake">
          <Option virtualFolder="CMake Files\..\..\..\..\..\..\..\opt\ros\hydro\share\std_msgs\cmake\" />
      </Unit>
      <Unit filename="/home/zhangjian/qt_environment/qt_programmer/pendant/qt_ros_zhangjian/src/../../../../../../../opt/ros/hydro/share/std_msgs/cmake/std_msgsConfig-version.cmake">
          <Option virtualFolder="CMake Files\..\..\..\..\..\..\..\opt\ros\hydro\share\std_msgs\cmake\" />
      </Unit>
      <Unit filename="/home/zhangjian/qt_environment/qt_programmer/pendant/qt_ros_zhangjian/src/../../../../../../../opt/ros/hydro/share/std_msgs/cmake/std_msgsConfig.cmake">
          <Option virtualFolder="CMake Files\..\..\..\..\..\..\..\opt\ros\hydro\share\std_msgs\cmake\" />
      </Unit>
      <Unit filename="/home/zhangjian/qt_environment/qt_programmer/pendant/qt_ros_zhangjian/src/../../../../../../../opt/ros/hydro/share/std_msgs/cmake/std_msgs-msg-extras.cmake">
          <Option virtualFolder="CMake Files\..\..\..\..\..\..\..\opt\ros\hydro\share\std_msgs\cmake\" />
      </Unit>
      <Unit filename="/home/zhangjian/qt_environment/qt_programmer/pendant/qt_ros_zhangjian/src/../../../../../../../opt/ros/hydro/share/std_msgs/cmake/std_msgs-msg-paths.cmake">
          <Option virtualFolder="CMake Files\..\..\..\..\..\..\..\opt\ros\hydro\share\std_msgs\cmake\" />
      </Unit>
      <Unit filename="/home/zhangjian/qt_environment/qt_programmer/pendant/qt_ros_zhangjian/src/../../../../../../../opt/ros/hydro/share/message_runtime/cmake/message_runtimeConfig-version.cmake">
          <Option virtualFolder="CMake Files\..\..\..\..\..\..\..\opt\ros\hydro\share\message_runtime\cmake\" />
      </Unit>
      <Unit filename="/home/zhangjian/qt_environment/qt_programmer/pendant/qt_ros_zhangjian/src/../../../../../../../opt/ros/hydro/share/message_runtime/cmake/message_runtimeConfig.cmake">
          <Option virtualFolder="CMake Files\..\..\..\..\..\..\..\opt\ros\hydro\share\message_runtime\cmake\" />
      </Unit>
      <Unit filename="/home/zhangjian/qt_environment/qt_programmer/pendant/qt_ros_zhangjian/src/../../../../../../../opt/ros/hydro/share/message_runtime/cmake/message_runtimeConfig-version.cmake">
          <Option virtualFolder="CMake Files\..\..\..\..\..\..\..\opt\ros\hydro\share\message_runtime\cmake\" />
      </Unit>
      <Unit filename="/home/zhangjian/qt_environment/qt_programmer/pendant/qt_ros_zhangjian/src/../../../../../../../opt/ros/hydro/share/message_runtime/cmake/message_runtimeConfig.cmake">
          <Option virtualFolder="CMake Files\..\..\..\..\..\..\..\opt\ros\hydro\share\message_runtime\cmake\" />
      </Unit>
      <Unit filename="/home/zhangjian/qt_environment/qt_programmer/pendant/qt_ros_zhangjian/src/../../../../../../../opt/ros/hydro/share/cpp_common/cmake/cpp_commonConfig-version.cmake">
          <Option virtualFolder="CMake Files\..\..\..\..\..\..\..\opt\ros\hydro\share\cpp_common\cmake\" />
      </Unit>
      <Unit filename="/home/zhangjian/qt_environment/qt_programmer/pendant/qt_ros_zhangjian/src/../../../../../../../opt/ros/hydro/share/cpp_common/cmake/cpp_commonConfig.cmake">
          <Option virtualFolder="CMake Files\..\..\..\..\..\..\..\opt\ros\hydro\share\cpp_common\cmake\" />
      </Unit>
      <Unit filename="/home/zhangjian/qt_environment/qt_programmer/pendant/qt_ros_zhangjian/src/../../../../../../../opt/ros/hydro/share/cpp_common/cmake/cpp_commonConfig-version.cmake">
          <Option virtualFolder="CMake Files\..\..\..\..\..\..\..\opt\ros\hydro\share\cpp_common\cmake\" />
      </Unit>
      <Unit filename="/home/zhangjian/qt_environment/qt_programmer/pendant/qt_ros_zhangjian/src/../../../../../../../opt/ros/hydro/share/cpp_common/cmake/cpp_commonConfig.cmake">
          <Option virtualFolder="CMake Files\..\..\..\..\..\..\..\opt\ros\hydro\share\cpp_common\cmake\" />
      </Unit>
      <Unit filename="/home/zhangjian/qt_environment/qt_programmer/pendant/qt_ros_zhangjian/src/../../../../../../../opt/ros/hydro/share/roscpp_serialization/cmake/roscpp_serializationConfig-version.cmake">
          <Option virtualFolder="CMake Files\..\..\..\..\..\..\..\opt\ros\hydro\share\roscpp_serialization\cmake\" />
      </Unit>
      <Unit filename="/home/zhangjian/qt_environment/qt_programmer/pendant/qt_ros_zhangjian/src/../../../../../../../opt/ros/hydro/share/roscpp_serialization/cmake/roscpp_serializationConfig.cmake">
          <Option virtualFolder="CMake Files\..\..\..\..\..\..\..\opt\ros\hydro\share\roscpp_serialization\cmake\" />
      </Unit>
      <Unit filename="/home/zhangjian/qt_environment/qt_programmer/pendant/qt_ros_zhangjian/src/../../../../../../../opt/ros/hydro/share/roscpp_serialization/cmake/roscpp_serializationConfig-version.cmake">
          <Option virtualFolder="CMake Files\..\..\..\..\..\..\..\opt\ros\hydro\share\roscpp_serialization\cmake\" />
      </Unit>
      <Unit filename="/home/zhangjian/qt_environment/qt_programmer/pendant/qt_ros_zhangjian/src/../../../../../../../opt/ros/hydro/share/roscpp_serialization/cmake/roscpp_serializationConfig.cmake">
          <Option virtualFolder="CMake Files\..\..\..\..\..\..\..\opt\ros\hydro\share\roscpp_serialization\cmake\" />
      </Unit>
      <Unit filename="/home/zhangjian/qt_environment/qt_programmer/pendant/qt_ros_zhangjian/src/../../../../../../../opt/ros/hydro/share/roscpp_traits/cmake/roscpp_traitsConfig-version.cmake">
          <Option virtualFolder="CMake Files\..\..\..\..\..\..\..\opt\ros\hydro\share\roscpp_traits\cmake\" />
      </Unit>
      <Unit filename="/home/zhangjian/qt_environment/qt_programmer/pendant/qt_ros_zhangjian/src/../../../../../../../opt/ros/hydro/share/roscpp_traits/cmake/roscpp_traitsConfig.cmake">
          <Option virtualFolder="CMake Files\..\..\..\..\..\..\..\opt\ros\hydro\share\roscpp_traits\cmake\" />
      </Unit>
      <Unit filename="/home/zhangjian/qt_environment/qt_programmer/pendant/qt_ros_zhangjian/src/../../../../../../../opt/ros/hydro/share/roscpp_traits/cmake/roscpp_traitsConfig-version.cmake">
          <Option virtualFolder="CMake Files\..\..\..\..\..\..\..\opt\ros\hydro\share\roscpp_traits\cmake\" />
      </Unit>
      <Unit filename="/home/zhangjian/qt_environment/qt_programmer/pendant/qt_ros_zhangjian/src/../../../../../../../opt/ros/hydro/share/roscpp_traits/cmake/roscpp_traitsConfig.cmake">
          <Option virtualFolder="CMake Files\..\..\..\..\..\..\..\opt\ros\hydro\share\roscpp_traits\cmake\" />
      </Unit>
      <Unit filename="/home/zhangjian/qt_environment/qt_programmer/pendant/qt_ros_zhangjian/src/../../../../../../../opt/ros/hydro/share/rostime/cmake/rostimeConfig-version.cmake">
          <Option virtualFolder="CMake Files\..\..\..\..\..\..\..\opt\ros\hydro\share\rostime\cmake\" />
      </Unit>
      <Unit filename="/home/zhangjian/qt_environment/qt_programmer/pendant/qt_ros_zhangjian/src/../../../../../../../opt/ros/hydro/share/rostime/cmake/rostimeConfig.cmake">
          <Option virtualFolder="CMake Files\..\..\..\..\..\..\..\opt\ros\hydro\share\rostime\cmake\" />
      </Unit>
      <Unit filename="/home/zhangjian/qt_environment/qt_programmer/pendant/qt_ros_zhangjian/src/../../../../../../../opt/ros/hydro/share/rostime/cmake/rostimeConfig-version.cmake">
          <Option virtualFolder="CMake Files\..\..\..\..\..\..\..\opt\ros\hydro\share\rostime\cmake\" />
      </Unit>
      <Unit filename="/home/zhangjian/qt_environment/qt_programmer/pendant/qt_ros_zhangjian/src/../../../../../../../opt/ros/hydro/share/rostime/cmake/rostimeConfig.cmake">
          <Option virtualFolder="CMake Files\..\..\..\..\..\..\..\opt\ros\hydro\share\rostime\cmake\" />
      </Unit>
      <Unit filename="/home/zhangjian/qt_environment/qt_programmer/pendant/qt_ros_zhangjian/src/../../../../../../../opt/ros/hydro/share/roscpp/cmake/roscppConfig-version.cmake">
          <Option virtualFolder="CMake Files\..\..\..\..\..\..\..\opt\ros\hydro\share\roscpp\cmake\" />
      </Unit>
      <Unit filename="/home/zhangjian/qt_environment/qt_programmer/pendant/qt_ros_zhangjian/src/../../../../../../../opt/ros/hydro/share/roscpp/cmake/roscppConfig.cmake">
          <Option virtualFolder="CMake Files\..\..\..\..\..\..\..\opt\ros\hydro\share\roscpp\cmake\" />
      </Unit>
      <Unit filename="/home/zhangjian/qt_environment/qt_programmer/pendant/qt_ros_zhangjian/src/../../../../../../../opt/ros/hydro/share/roscpp/cmake/roscpp-msg-extras.cmake">
          <Option virtualFolder="CMake Files\..\..\..\..\..\..\..\opt\ros\hydro\share\roscpp\cmake\" />
      </Unit>
      <Unit filename="/home/zhangjian/qt_environment/qt_programmer/pendant/qt_ros_zhangjian/src/../../../../../../../opt/ros/hydro/share/roscpp/cmake/roscppConfig-version.cmake">
          <Option virtualFolder="CMake Files\..\..\..\..\..\..\..\opt\ros\hydro\share\roscpp\cmake\" />
      </Unit>
      <Unit filename="/home/zhangjian/qt_environment/qt_programmer/pendant/qt_ros_zhangjian/src/../../../../../../../opt/ros/hydro/share/roscpp/cmake/roscppConfig.cmake">
          <Option virtualFolder="CMake Files\..\..\..\..\..\..\..\opt\ros\hydro\share\roscpp\cmake\" />
      </Unit>
      <Unit filename="/home/zhangjian/qt_environment/qt_programmer/pendant/qt_ros_zhangjian/src/../../../../../../../opt/ros/hydro/share/roscpp/cmake/roscpp-msg-extras.cmake">
          <Option virtualFolder="CMake Files\..\..\..\..\..\..\..\opt\ros\hydro\share\roscpp\cmake\" />
      </Unit>
      <Unit filename="/home/zhangjian/qt_environment/qt_programmer/pendant/qt_ros_zhangjian/src/../../../../../../../opt/ros/hydro/share/rosconsole/cmake/rosconsoleConfig-version.cmake">
          <Option virtualFolder="CMake Files\..\..\..\..\..\..\..\opt\ros\hydro\share\rosconsole\cmake\" />
      </Unit>
      <Unit filename="/home/zhangjian/qt_environment/qt_programmer/pendant/qt_ros_zhangjian/src/../../../../../../../opt/ros/hydro/share/rosconsole/cmake/rosconsoleConfig.cmake">
          <Option virtualFolder="CMake Files\..\..\..\..\..\..\..\opt\ros\hydro\share\rosconsole\cmake\" />
      </Unit>
      <Unit filename="/home/zhangjian/qt_environment/qt_programmer/pendant/qt_ros_zhangjian/src/../../../../../../../opt/ros/hydro/share/rosconsole/cmake/rosconsole-extras.cmake">
          <Option virtualFolder="CMake Files\..\..\..\..\..\..\..\opt\ros\hydro\share\rosconsole\cmake\" />
      </Unit>
      <Unit filename="/home/zhangjian/qt_environment/qt_programmer/pendant/qt_ros_zhangjian/src/../../../../../../../opt/ros/hydro/share/rosconsole/cmake/rosconsoleConfig-version.cmake">
          <Option virtualFolder="CMake Files\..\..\..\..\..\..\..\opt\ros\hydro\share\rosconsole\cmake\" />
      </Unit>
      <Unit filename="/home/zhangjian/qt_environment/qt_programmer/pendant/qt_ros_zhangjian/src/../../../../../../../opt/ros/hydro/share/rosconsole/cmake/rosconsoleConfig.cmake">
          <Option virtualFolder="CMake Files\..\..\..\..\..\..\..\opt\ros\hydro\share\rosconsole\cmake\" />
      </Unit>
      <Unit filename="/home/zhangjian/qt_environment/qt_programmer/pendant/qt_ros_zhangjian/src/../../../../../../../opt/ros/hydro/share/rosconsole/cmake/rosconsole-extras.cmake">
          <Option virtualFolder="CMake Files\..\..\..\..\..\..\..\opt\ros\hydro\share\rosconsole\cmake\" />
      </Unit>
      <Unit filename="/home/zhangjian/qt_environment/qt_programmer/pendant/qt_ros_zhangjian/src/../../../../../../../opt/ros/hydro/share/rosgraph_msgs/cmake/rosgraph_msgsConfig-version.cmake">
          <Option virtualFolder="CMake Files\..\..\..\..\..\..\..\opt\ros\hydro\share\rosgraph_msgs\cmake\" />
      </Unit>
      <Unit filename="/home/zhangjian/qt_environment/qt_programmer/pendant/qt_ros_zhangjian/src/../../../../../../../opt/ros/hydro/share/rosgraph_msgs/cmake/rosgraph_msgsConfig.cmake">
          <Option virtualFolder="CMake Files\..\..\..\..\..\..\..\opt\ros\hydro\share\rosgraph_msgs\cmake\" />
      </Unit>
      <Unit filename="/home/zhangjian/qt_environment/qt_programmer/pendant/qt_ros_zhangjian/src/../../../../../../../opt/ros/hydro/share/rosgraph_msgs/cmake/rosgraph_msgs-msg-extras.cmake">
          <Option virtualFolder="CMake Files\..\..\..\..\..\..\..\opt\ros\hydro\share\rosgraph_msgs\cmake\" />
      </Unit>
      <Unit filename="/home/zhangjian/qt_environment/qt_programmer/pendant/qt_ros_zhangjian/src/../../../../../../../opt/ros/hydro/share/rosgraph_msgs/cmake/rosgraph_msgsConfig-version.cmake">
          <Option virtualFolder="CMake Files\..\..\..\..\..\..\..\opt\ros\hydro\share\rosgraph_msgs\cmake\" />
      </Unit>
      <Unit filename="/home/zhangjian/qt_environment/qt_programmer/pendant/qt_ros_zhangjian/src/../../../../../../../opt/ros/hydro/share/rosgraph_msgs/cmake/rosgraph_msgsConfig.cmake">
          <Option virtualFolder="CMake Files\..\..\..\..\..\..\..\opt\ros\hydro\share\rosgraph_msgs\cmake\" />
      </Unit>
      <Unit filename="/home/zhangjian/qt_environment/qt_programmer/pendant/qt_ros_zhangjian/src/../../../../../../../opt/ros/hydro/share/rosgraph_msgs/cmake/rosgraph_msgs-msg-extras.cmake">
          <Option virtualFolder="CMake Files\..\..\..\..\..\..\..\opt\ros\hydro\share\rosgraph_msgs\cmake\" />
      </Unit>
      <Unit filename="/home/zhangjian/qt_environment/qt_programmer/pendant/qt_ros_zhangjian/src/../../../../../../../opt/ros/hydro/share/xmlrpcpp/cmake/xmlrpcppConfig-version.cmake">
          <Option virtualFolder="CMake Files\..\..\..\..\..\..\..\opt\ros\hydro\share\xmlrpcpp\cmake\" />
      </Unit>
      <Unit filename="/home/zhangjian/qt_environment/qt_programmer/pendant/qt_ros_zhangjian/src/../../../../../../../opt/ros/hydro/share/xmlrpcpp/cmake/xmlrpcppConfig.cmake">
          <Option virtualFolder="CMake Files\..\..\..\..\..\..\..\opt\ros\hydro\share\xmlrpcpp\cmake\" />
      </Unit>
      <Unit filename="/home/zhangjian/qt_environment/qt_programmer/pendant/qt_ros_zhangjian/src/../../../../../../../opt/ros/hydro/share/xmlrpcpp/cmake/xmlrpcppConfig-version.cmake">
          <Option virtualFolder="CMake Files\..\..\..\..\..\..\..\opt\ros\hydro\share\xmlrpcpp\cmake\" />
      </Unit>
      <Unit filename="/home/zhangjian/qt_environment/qt_programmer/pendant/qt_ros_zhangjian/src/../../../../../../../opt/ros/hydro/share/xmlrpcpp/cmake/xmlrpcppConfig.cmake">
          <Option virtualFolder="CMake Files\..\..\..\..\..\..\..\opt\ros\hydro\share\xmlrpcpp\cmake\" />
      </Unit>
      <Unit filename="/home/zhangjian/qt_environment/qt_programmer/pendant/qt_ros_zhangjian/src/../../../../../../../usr/lib/python2.7/dist-packages/catkin_pkg/templates/metapackage.cmake.in">
          <Option virtualFolder="CMake Files\..\..\..\..\..\..\..\usr\lib\python2.7\dist-packages\catkin_pkg\templates\" />
      </Unit>
      <Unit filename="/home/zhangjian/qt_environment/qt_programmer/pendant/qt_ros_zhangjian/src/../../../../../../../usr/src/gtest/CMakeLists.txt">
          <Option virtualFolder="CMake Files\..\..\..\..\..\..\..\usr\src\gtest\" />
      </Unit>
      <Unit filename="/home/zhangjian/qt_environment/qt_programmer/pendant/qt_ros_zhangjian/src/../../../../../../../usr/src/gtest/CMakeLists.txt">
          <Option virtualFolder="CMake Files\..\..\..\..\..\..\..\usr\src\gtest\" />
      </Unit>
      <Unit filename="/home/zhangjian/qt_environment/qt_programmer/pendant/qt_ros_zhangjian/src/../../../../../../../usr/src/gtest/cmake/internal_utils.cmake">
          <Option virtualFolder="CMake Files\..\..\..\..\..\..\..\usr\src\gtest\cmake\" />
      </Unit>
      <Unit filename="/home/zhangjian/qt_environment/qt_programmer/pendant/qt_ros_zhangjian/src/../../../../../../../usr/src/gtest/cmake/internal_utils.cmake">
          <Option virtualFolder="CMake Files\..\..\..\..\..\..\..\usr\src\gtest\cmake\" />
      </Unit>
      <Unit filename="/home/zhangjian/qt_environment/qt_programmer/pendant/qt_ros_zhangjian/src/../src-build/catkin/catkin_generated/version/package.cmake">
          <Option virtualFolder="CMake Files\..\src-build\catkin\catkin_generated\version\" />
      </Unit>
      <Unit filename="/home/zhangjian/qt_environment/qt_programmer/pendant/qt_ros_zhangjian/src/../src-build/catkin_generated/order_packages.cmake">
          <Option virtualFolder="CMake Files\..\src-build\catkin_generated\" />
      </Unit>
      <Unit filename="/home/zhangjian/qt_environment/qt_programmer/pendant/qt_ros_zhangjian/src/../src-build/qt_build/catkin_generated/package.cmake">
          <Option virtualFolder="CMake Files\..\src-build\qt_build\catkin_generated\" />
      </Unit>
      <Unit filename="/home/zhangjian/qt_environment/qt_programmer/pendant/qt_ros_zhangjian/src/../src-build/qt_build/catkin_generated/package.cmake">
          <Option virtualFolder="CMake Files\..\src-build\qt_build\catkin_generated\" />
      </Unit>
      <Unit filename="/home/zhangjian/qt_environment/qt_programmer/pendant/qt_ros_zhangjian/src/../src-build/qt_create/catkin_generated/package.cmake">
          <Option virtualFolder="CMake Files\..\src-build\qt_create\catkin_generated\" />
      </Unit>
      <Unit filename="/home/zhangjian/qt_environment/qt_programmer/pendant/qt_ros_zhangjian/src/../src-build/qt_create/catkin_generated/setup_py_interrogation.cmake">
          <Option virtualFolder="CMake Files\..\src-build\qt_create\catkin_generated\" />
      </Unit>
      <Unit filename="/home/zhangjian/qt_environment/qt_programmer/pendant/qt_ros_zhangjian/src/../src-build/qt_create/catkin_generated/package.cmake">
          <Option virtualFolder="CMake Files\..\src-build\qt_create\catkin_generated\" />
      </Unit>
      <Unit filename="/home/zhangjian/qt_environment/qt_programmer/pendant/qt_ros_zhangjian/src/../src-build/qt_create/catkin_generated/setup_py_interrogation.cmake">
          <Option virtualFolder="CMake Files\..\src-build\qt_create\catkin_generated\" />
      </Unit>
      <Unit filename="/home/zhangjian/qt_environment/qt_programmer/pendant/qt_ros_zhangjian/src/../src-build/qt_ros/catkin_generated/package.cmake">
          <Option virtualFolder="CMake Files\..\src-build\qt_ros\catkin_generated\" />
      </Unit>
      <Unit filename="/home/zhangjian/qt_environment/qt_programmer/pendant/qt_ros_zhangjian/src/../src-build/qt_ros/catkin_generated/package.cmake">
          <Option virtualFolder="CMake Files\..\src-build\qt_ros\catkin_generated\" />
      </Unit>
      <Unit filename="/home/zhangjian/qt_environment/qt_programmer/pendant/qt_ros_zhangjian/src/../src-build/devel/share/qt_build/cmake/qt_buildConfig-version.cmake">
          <Option virtualFolder="CMake Files\..\src-build\devel\share\qt_build\cmake\" />
      </Unit>
      <Unit filename="/home/zhangjian/qt_environment/qt_programmer/pendant/qt_ros_zhangjian/src/../src-build/devel/share/qt_build/cmake/qt_buildConfig.cmake">
          <Option virtualFolder="CMake Files\..\src-build\devel\share\qt_build\cmake\" />
      </Unit>
      <Unit filename="/home/zhangjian/qt_environment/qt_programmer/pendant/qt_ros_zhangjian/src/../src-build/devel/share/qt_build/cmake/qt-ros.cmake">
          <Option virtualFolder="CMake Files\..\src-build\devel\share\qt_build\cmake\" />
      </Unit>
      <Unit filename="/home/zhangjian/qt_environment/qt_programmer/pendant/qt_ros_zhangjian/src/../src-build/devel/share/qt_build/cmake/qt_buildConfig-version.cmake">
          <Option virtualFolder="CMake Files\..\src-build\devel\share\qt_build\cmake\" />
      </Unit>
      <Unit filename="/home/zhangjian/qt_environment/qt_programmer/pendant/qt_ros_zhangjian/src/../src-build/devel/share/qt_build/cmake/qt_buildConfig.cmake">
          <Option virtualFolder="CMake Files\..\src-build\devel\share\qt_build\cmake\" />
      </Unit>
      <Unit filename="/home/zhangjian/qt_environment/qt_programmer/pendant/qt_ros_zhangjian/src/../src-build/devel/share/qt_build/cmake/qt-ros.cmake">
          <Option virtualFolder="CMake Files\..\src-build\devel\share\qt_build\cmake\" />
      </Unit>
      <Unit filename="/home/zhangjian/qt_environment/qt_programmer/pendant/qt_ros_zhangjian/src/../src-build/devel/share/thinkrob_pendant/cmake/thinkrob_pendant-msg-paths.cmake">
          <Option virtualFolder="CMake Files\..\src-build\devel\share\thinkrob_pendant\cmake\" />
      </Unit>
      <Unit filename="/home/zhangjian/qt_environment/qt_programmer/pendant/qt_ros_zhangjian/src/../src-build/devel/share/thinkrob_pendant/cmake/thinkrob_pendant-msg-paths.cmake">
          <Option virtualFolder="CMake Files\..\src-build\devel\share\thinkrob_pendant\cmake\" />
      </Unit>
      <Unit filename="/home/zhangjian/qt_environment/qt_programmer/pendant/qt_ros_zhangjian/src/../src-build/thinkrob_pendant/catkin_generated/ordered_paths.cmake">
          <Option virtualFolder="CMake Files\..\src-build\thinkrob_pendant\catkin_generated\" />
      </Unit>
      <Unit filename="/home/zhangjian/qt_environment/qt_programmer/pendant/qt_ros_zhangjian/src/../src-build/thinkrob_pendant/catkin_generated/ordered_paths.cmake">
          <Option virtualFolder="CMake Files\..\src-build\thinkrob_pendant\catkin_generated\" />
      </Unit>
      <Unit filename="/home/zhangjian/qt_environment/qt_programmer/pendant/qt_ros_zhangjian/src/../src-build/thinkrob_pendant/catkin_generated/package.cmake">
          <Option virtualFolder="CMake Files\..\src-build\thinkrob_pendant\catkin_generated\" />
      </Unit>
      <Unit filename="/home/zhangjian/qt_environment/qt_programmer/pendant/qt_ros_zhangjian/src/../src-build/thinkrob_pendant/catkin_generated/thinkrob_pendant-msg-extras.cmake.develspace.in">
          <Option virtualFolder="CMake Files\..\src-build\thinkrob_pendant\catkin_generated\" />
      </Unit>
      <Unit filename="/home/zhangjian/qt_environment/qt_programmer/pendant/qt_ros_zhangjian/src/../src-build/thinkrob_pendant/catkin_generated/thinkrob_pendant-msg-extras.cmake.installspace.in">
          <Option virtualFolder="CMake Files\..\src-build\thinkrob_pendant\catkin_generated\" />
      </Unit>
      <Unit filename="/home/zhangjian/qt_environment/qt_programmer/pendant/qt_ros_zhangjian/src/../src-build/thinkrob_pendant/catkin_generated/ordered_paths.cmake">
          <Option virtualFolder="CMake Files\..\src-build\thinkrob_pendant\catkin_generated\" />
      </Unit>
      <Unit filename="/home/zhangjian/qt_environment/qt_programmer/pendant/qt_ros_zhangjian/src/../src-build/thinkrob_pendant/catkin_generated/ordered_paths.cmake">
          <Option virtualFolder="CMake Files\..\src-build\thinkrob_pendant\catkin_generated\" />
      </Unit>
      <Unit filename="/home/zhangjian/qt_environment/qt_programmer/pendant/qt_ros_zhangjian/src/../src-build/thinkrob_pendant/catkin_generated/package.cmake">
          <Option virtualFolder="CMake Files\..\src-build\thinkrob_pendant\catkin_generated\" />
      </Unit>
      <Unit filename="/home/zhangjian/qt_environment/qt_programmer/pendant/qt_ros_zhangjian/src/../src-build/thinkrob_pendant/catkin_generated/thinkrob_pendant-msg-extras.cmake.develspace.in">
          <Option virtualFolder="CMake Files\..\src-build\thinkrob_pendant\catkin_generated\" />
      </Unit>
      <Unit filename="/home/zhangjian/qt_environment/qt_programmer/pendant/qt_ros_zhangjian/src/../src-build/thinkrob_pendant/catkin_generated/thinkrob_pendant-msg-extras.cmake.installspace.in">
          <Option virtualFolder="CMake Files\..\src-build\thinkrob_pendant\catkin_generated\" />
      </Unit>
      <Unit filename="/home/zhangjian/qt_environment/qt_programmer/pendant/qt_ros_zhangjian/src/../src-build/thinkrob_pendant/cmake/thinkrob_pendant-genmsg.cmake">
          <Option virtualFolder="CMake Files\..\src-build\thinkrob_pendant\cmake\" />
      </Unit>
      <Unit filename="/home/zhangjian/qt_environment/qt_programmer/pendant/qt_ros_zhangjian/src/../src-build/thinkrob_pendant/cmake/thinkrob_pendant-genmsg.cmake">
          <Option virtualFolder="CMake Files\..\src-build\thinkrob_pendant\cmake\" />
      </Unit>
      <Unit filename="/home/zhangjian/qt_environment/qt_programmer/pendant/qt_ros_zhangjian/src/qt_build/CMakeLists.txt">
          <Option virtualFolder="CMake Files\qt_build\" />
      </Unit>
      <Unit filename="/home/zhangjian/qt_environment/qt_programmer/pendant/qt_ros_zhangjian/src/qt_build/package.xml">
          <Option virtualFolder="CMake Files\qt_build\" />
      </Unit>
      <Unit filename="/home/zhangjian/qt_environment/qt_programmer/pendant/qt_ros_zhangjian/src/qt_build/CMakeLists.txt">
          <Option virtualFolder="CMake Files\qt_build\" />
      </Unit>
      <Unit filename="/home/zhangjian/qt_environment/qt_programmer/pendant/qt_ros_zhangjian/src/qt_build/package.xml">
          <Option virtualFolder="CMake Files\qt_build\" />
      </Unit>
      <Unit filename="/home/zhangjian/qt_environment/qt_programmer/pendant/qt_ros_zhangjian/src/qt_build/cmake/qt-ros.cmake.in">
          <Option virtualFolder="CMake Files\qt_build\cmake\" />
      </Unit>
      <Unit filename="/home/zhangjian/qt_environment/qt_programmer/pendant/qt_ros_zhangjian/src/qt_build/cmake/qt-ros.cmake.in">
          <Option virtualFolder="CMake Files\qt_build\cmake\" />
      </Unit>
      <Unit filename="/home/zhangjian/qt_environment/qt_programmer/pendant/qt_ros_zhangjian/src/qt_build/cmake/qt-ros.cmake.in">
          <Option virtualFolder="CMake Files\qt_build\cmake\" />
      </Unit>
      <Unit filename="/home/zhangjian/qt_environment/qt_programmer/pendant/qt_ros_zhangjian/src/qt_build/cmake/qt-ros.cmake.in">
          <Option virtualFolder="CMake Files\qt_build\cmake\" />
      </Unit>
      <Unit filename="/home/zhangjian/qt_environment/qt_programmer/pendant/qt_ros_zhangjian/src/qt_create/CMakeLists.txt">
          <Option virtualFolder="CMake Files\qt_create\" />
      </Unit>
      <Unit filename="/home/zhangjian/qt_environment/qt_programmer/pendant/qt_ros_zhangjian/src/qt_create/package.xml">
          <Option virtualFolder="CMake Files\qt_create\" />
      </Unit>
      <Unit filename="/home/zhangjian/qt_environment/qt_programmer/pendant/qt_ros_zhangjian/src/qt_create/setup.py">
          <Option virtualFolder="CMake Files\qt_create\" />
      </Unit>
      <Unit filename="/home/zhangjian/qt_environment/qt_programmer/pendant/qt_ros_zhangjian/src/qt_create/CMakeLists.txt">
          <Option virtualFolder="CMake Files\qt_create\" />
      </Unit>
      <Unit filename="/home/zhangjian/qt_environment/qt_programmer/pendant/qt_ros_zhangjian/src/qt_create/package.xml">
          <Option virtualFolder="CMake Files\qt_create\" />
      </Unit>
      <Unit filename="/home/zhangjian/qt_environment/qt_programmer/pendant/qt_ros_zhangjian/src/qt_create/setup.py">
          <Option virtualFolder="CMake Files\qt_create\" />
      </Unit>
      <Unit filename="/home/zhangjian/qt_environment/qt_programmer/pendant/qt_ros_zhangjian/src/qt_ros/CMakeLists.txt">
          <Option virtualFolder="CMake Files\qt_ros\" />
      </Unit>
      <Unit filename="/home/zhangjian/qt_environment/qt_programmer/pendant/qt_ros_zhangjian/src/qt_ros/package.xml">
          <Option virtualFolder="CMake Files\qt_ros\" />
      </Unit>
      <Unit filename="/home/zhangjian/qt_environment/qt_programmer/pendant/qt_ros_zhangjian/src/qt_ros/CMakeLists.txt">
          <Option virtualFolder="CMake Files\qt_ros\" />
      </Unit>
      <Unit filename="/home/zhangjian/qt_environment/qt_programmer/pendant/qt_ros_zhangjian/src/qt_ros/package.xml">
          <Option virtualFolder="CMake Files\qt_ros\" />
      </Unit>
      <Unit filename="/home/zhangjian/qt_environment/qt_programmer/pendant/qt_ros_zhangjian/src/thinkrob_pendant/CMakeLists.txt">
          <Option virtualFolder="CMake Files\thinkrob_pendant\" />
      </Unit>
      <Unit filename="/home/zhangjian/qt_environment/qt_programmer/pendant/qt_ros_zhangjian/src/thinkrob_pendant/package.xml">
          <Option virtualFolder="CMake Files\thinkrob_pendant\" />
      </Unit>
      <Unit filename="/home/zhangjian/qt_environment/qt_programmer/pendant/qt_ros_zhangjian/src/thinkrob_pendant/CMakeLists.txt">
          <Option virtualFolder="CMake Files\thinkrob_pendant\" />
      </Unit>
      <Unit filename="/home/zhangjian/qt_environment/qt_programmer/pendant/qt_ros_zhangjian/src/thinkrob_pendant/package.xml">
          <Option virtualFolder="CMake Files\thinkrob_pendant\" />
      </Unit>
      <Unit filename="/home/zhangjian/qt_environment/qt_programmer/pendant/qt_ros_zhangjian/src/thinkrob_pendant/common/CMakeLists.txt">
          <Option virtualFolder="CMake Files\thinkrob_pendant\common\" />
      </Unit>
      <Unit filename="/home/zhangjian/qt_environment/qt_programmer/pendant/qt_ros_zhangjian/src/thinkrob_pendant/common/CMakeLists.txt">
          <Option virtualFolder="CMake Files\thinkrob_pendant\common\" />
      </Unit>
      <Unit filename="/home/zhangjian/qt_environment/qt_programmer/pendant/qt_ros_zhangjian/src/thinkrob_pendant/resources/images.qrc">
          <Option virtualFolder="CMake Files\thinkrob_pendant\resources\" />
      </Unit>
      <Unit filename="/home/zhangjian/qt_environment/qt_programmer/pendant/qt_ros_zhangjian/src/thinkrob_pendant/resources/images.qrc">
          <Option virtualFolder="CMake Files\thinkrob_pendant\resources\" />
      </Unit>
      <Unit filename="/home/zhangjian/qt_environment/qt_programmer/pendant/qt_ros_zhangjian/src/thinkrob_pendant/thinkrob_pendant/CMakeLists.txt">
          <Option virtualFolder="CMake Files\thinkrob_pendant\thinkrob_pendant\" />
      </Unit>
      <Unit filename="/home/zhangjian/qt_environment/qt_programmer/pendant/qt_ros_zhangjian/src/thinkrob_pendant/thinkrob_pendant/CMakeLists.txt">
          <Option virtualFolder="CMake Files\thinkrob_pendant\thinkrob_pendant\" />
      </Unit>
   </Project>
</CodeBlocks_project_file>
